
Microsoft Visual Studio Solution File, Format Version 12.00
# Visual Studio 2012
Project("{FAE04EC0-301F-11D3-BF4B-00C04F79EFBC}") = "TradeSharp.Delivery.Contract", "TradeSharp.Delivery.Contract\TradeSharp.Delivery.Contract.csproj", "{CDDBD7AF-FCF6-41ED-B15E-5D8B3BD287DD}"
EndProject
Project("{FAE04EC0-301F-11D3-BF4B-00C04F79EFBC}") = "TradeSharp.Delivery.Service", "TradeSharp.Delivery.Service\TradeSharp.Delivery.Service.csproj", "{A9351C6C-554F-4728-9D16-CDE43D1422DC}"
EndProject
Global
	GlobalSection(SolutionConfigurationPlatforms) = preSolution
		Debug|Any CPU = Debug|Any CPU
		Release|Any CPU = Release|Any CPU
	EndGlobalSection
	GlobalSection(ProjectConfigurationPlatforms) = postSolution
		{CDDBD7AF-FCF6-41ED-B15E-5D8B3BD287DD}.Debug|Any CPU.ActiveCfg = Debug|Any CPU
		{CDDBD7AF-FCF6-41ED-B15E-5D8B3BD287DD}.Debug|Any CPU.Build.0 = Debug|Any CPU
		{CDDBD7AF-FCF6-41ED-B15E-5D8B3BD287DD}.Release|Any CPU.ActiveCfg = Release|Any CPU
		{CDDBD7AF-FCF6-41ED-B15E-5D8B3BD287DD}.Release|Any CPU.Build.0 = Release|Any CPU
		{A9351C6C-554F-4728-9D16-CDE43D1422DC}.Debug|Any CPU.ActiveCfg = Debug|Any CPU
		{A9351C6C-554F-4728-9D16-CDE43D1422DC}.Debug|Any CPU.Build.0 = Debug|Any CPU
		{A9351C6C-554F-4728-9D16-CDE43D1422DC}.Release|Any CPU.ActiveCfg = Release|Any CPU
		{A9351C6C-554F-4728-9D16-CDE43D1422DC}.Release|Any CPU.Build.0 = Release|Any CPU
	EndGlobalSection
	GlobalSection(SolutionProperties) = preSolution
		HideSolutionNode = FALSE
	EndGlobalSection
EndGlobal
