
Microsoft Visual Studio Solution File, Format Version 12.00
# Visual Studio 2012
Project("{FAE04EC0-301F-11D3-BF4B-00C04F79EFBC}") = "TradeSharp.WhiteLabel.AForex", "TradeSharp.WhiteLabel.AForex\TradeSharp.WhiteLabel.AForex.csproj", "{BE5F758E-EA90-43AB-839E-FE967CEEC259}"
EndProject
Project("{FAE04EC0-301F-11D3-BF4B-00C04F79EFBC}") = "TradeSharp.WhiteLabel.FSignal", "TradeSharp.WhiteLabel.FSignal\TradeSharp.WhiteLabel.FSignal.csproj", "{8B323D19-BD2D-43E6-BA96-5EE30128A2F4}"
EndProject
Global
	GlobalSection(SolutionConfigurationPlatforms) = preSolution
		Debug|Any CPU = Debug|Any CPU
		Release|Any CPU = Release|Any CPU
	EndGlobalSection
	GlobalSection(ProjectConfigurationPlatforms) = postSolution
		{BE5F758E-EA90-43AB-839E-FE967CEEC259}.Debug|Any CPU.ActiveCfg = Debug|Any CPU
		{BE5F758E-EA90-43AB-839E-FE967CEEC259}.Debug|Any CPU.Build.0 = Debug|Any CPU
		{BE5F758E-EA90-43AB-839E-FE967CEEC259}.Release|Any CPU.ActiveCfg = Release|Any CPU
		{BE5F758E-EA90-43AB-839E-FE967CEEC259}.Release|Any CPU.Build.0 = Release|Any CPU
		{8B323D19-BD2D-43E6-BA96-5EE30128A2F4}.Debug|Any CPU.ActiveCfg = Debug|Any CPU
		{8B323D19-BD2D-43E6-BA96-5EE30128A2F4}.Debug|Any CPU.Build.0 = Debug|Any CPU
		{8B323D19-BD2D-43E6-BA96-5EE30128A2F4}.Release|Any CPU.ActiveCfg = Release|Any CPU
		{8B323D19-BD2D-43E6-BA96-5EE30128A2F4}.Release|Any CPU.Build.0 = Release|Any CPU
	EndGlobalSection
	GlobalSection(SolutionProperties) = preSolution
		HideSolutionNode = FALSE
	EndGlobalSection
EndGlobal
