
Microsoft Visual Studio Solution File, Format Version 10.00
# Visual Studio 2008
Project("{8BC9CEB8-8B4A-11D0-8D11-00A0C91BC942}") = "WebRegistration", "WebRegistration.vcproj", "{268B15B9-72C7-4523-96F3-1D1165C33694}"
EndProject
Global
	GlobalSection(SolutionConfigurationPlatforms) = preSolution
		Debug|Win32 = Debug|Win32
		Release|Win32 = Release|Win32
	EndGlobalSection
	GlobalSection(ProjectConfigurationPlatforms) = postSolution
		{268B15B9-72C7-4523-96F3-1D1165C33694}.Debug|Win32.ActiveCfg = Debug|Win32
		{268B15B9-72C7-4523-96F3-1D1165C33694}.Debug|Win32.Build.0 = Debug|Win32
		{268B15B9-72C7-4523-96F3-1D1165C33694}.Release|Win32.ActiveCfg = Release|Win32
		{268B15B9-72C7-4523-96F3-1D1165C33694}.Release|Win32.Build.0 = Release|Win32
	EndGlobalSection
	GlobalSection(SolutionProperties) = preSolution
		HideSolutionNode = FALSE
	EndGlobalSection
EndGlobal
