
Microsoft Visual Studio Solution File, Format Version 12.00
# Visual Studio 2012
Project("{FAE04EC0-301F-11D3-BF4B-00C04F79EFBC}") = "FastChart", "FastChart\FastChart.csproj", "{FE8E919E-B7CE-4AD5-8848-8265E8BB1385}"
EndProject
Project("{FAE04EC0-301F-11D3-BF4B-00C04F79EFBC}") = "ChartTest", "ChartTest\ChartTest.csproj", "{6414F0DF-5AE0-4CE2-B85B-58894B687B43}"
EndProject
Project("{FAE04EC0-301F-11D3-BF4B-00C04F79EFBC}") = "FastMultiChart", "FastMultiChart\FastMultiChart.csproj", "{0A8916E5-10D4-4078-BF6A-018B041549F9}"
EndProject
Project("{FAE04EC0-301F-11D3-BF4B-00C04F79EFBC}") = "FastMultiChartTest", "FastMultiChartTest\FastMultiChartTest.csproj", "{33214EF5-3C3D-4054-9D81-013D21E0214E}"
EndProject
Global
	GlobalSection(SolutionConfigurationPlatforms) = preSolution
		Debug|Any CPU = Debug|Any CPU
		Release|Any CPU = Release|Any CPU
	EndGlobalSection
	GlobalSection(ProjectConfigurationPlatforms) = postSolution
		{FE8E919E-B7CE-4AD5-8848-8265E8BB1385}.Debug|Any CPU.ActiveCfg = Debug|Any CPU
		{FE8E919E-B7CE-4AD5-8848-8265E8BB1385}.Debug|Any CPU.Build.0 = Debug|Any CPU
		{FE8E919E-B7CE-4AD5-8848-8265E8BB1385}.Release|Any CPU.ActiveCfg = Release|Any CPU
		{FE8E919E-B7CE-4AD5-8848-8265E8BB1385}.Release|Any CPU.Build.0 = Release|Any CPU
		{6414F0DF-5AE0-4CE2-B85B-58894B687B43}.Debug|Any CPU.ActiveCfg = Debug|Any CPU
		{6414F0DF-5AE0-4CE2-B85B-58894B687B43}.Debug|Any CPU.Build.0 = Debug|Any CPU
		{6414F0DF-5AE0-4CE2-B85B-58894B687B43}.Release|Any CPU.ActiveCfg = Release|Any CPU
		{6414F0DF-5AE0-4CE2-B85B-58894B687B43}.Release|Any CPU.Build.0 = Release|Any CPU
		{0A8916E5-10D4-4078-BF6A-018B041549F9}.Debug|Any CPU.ActiveCfg = Debug|Any CPU
		{0A8916E5-10D4-4078-BF6A-018B041549F9}.Debug|Any CPU.Build.0 = Debug|Any CPU
		{0A8916E5-10D4-4078-BF6A-018B041549F9}.Release|Any CPU.ActiveCfg = Release|Any CPU
		{0A8916E5-10D4-4078-BF6A-018B041549F9}.Release|Any CPU.Build.0 = Release|Any CPU
		{33214EF5-3C3D-4054-9D81-013D21E0214E}.Debug|Any CPU.ActiveCfg = Debug|Any CPU
		{33214EF5-3C3D-4054-9D81-013D21E0214E}.Debug|Any CPU.Build.0 = Debug|Any CPU
		{33214EF5-3C3D-4054-9D81-013D21E0214E}.Release|Any CPU.ActiveCfg = Release|Any CPU
		{33214EF5-3C3D-4054-9D81-013D21E0214E}.Release|Any CPU.Build.0 = Release|Any CPU
	EndGlobalSection
	GlobalSection(SolutionProperties) = preSolution
		HideSolutionNode = FALSE
	EndGlobalSection
EndGlobal
