
Microsoft Visual Studio Solution File, Format Version 10.00
# Visual Studio 2008
Project("{FAE04EC0-301F-11D3-BF4B-00C04F79EFBC}") = "IndexSpectrum", "IndexSpectrum\IndexSpectrum.csproj", "{E66024AC-ABC0-4D71-965F-0BB56221F2C1}"
EndProject
Global
	GlobalSection(SolutionConfigurationPlatforms) = preSolution
		Debug|Any CPU = Debug|Any CPU
		Release|Any CPU = Release|Any CPU
	EndGlobalSection
	GlobalSection(ProjectConfigurationPlatforms) = postSolution
		{E66024AC-ABC0-4D71-965F-0BB56221F2C1}.Debug|Any CPU.ActiveCfg = Debug|Any CPU
		{E66024AC-ABC0-4D71-965F-0BB56221F2C1}.Debug|Any CPU.Build.0 = Debug|Any CPU
		{E66024AC-ABC0-4D71-965F-0BB56221F2C1}.Release|Any CPU.ActiveCfg = Release|Any CPU
		{E66024AC-ABC0-4D71-965F-0BB56221F2C1}.Release|Any CPU.Build.0 = Release|Any CPU
	EndGlobalSection
	GlobalSection(SolutionProperties) = preSolution
		HideSolutionNode = FALSE
	EndGlobalSection
EndGlobal
