
Microsoft Visual Studio Solution File, Format Version 11.00
# Visual Studio 2010
Project("{FAE04EC0-301F-11D3-BF4B-00C04F79EFBC}") = "FIXViewer", "FIXViewer\FIXViewer.csproj", "{3B20F8A4-87A8-41B7-8148-03793E4C5B76}"
EndProject
Global
	GlobalSection(SolutionConfigurationPlatforms) = preSolution
		Debug|Any CPU = Debug|Any CPU
		Release|Any CPU = Release|Any CPU
	EndGlobalSection
	GlobalSection(ProjectConfigurationPlatforms) = postSolution
		{3B20F8A4-87A8-41B7-8148-03793E4C5B76}.Debug|Any CPU.ActiveCfg = Debug|Any CPU
		{3B20F8A4-87A8-41B7-8148-03793E4C5B76}.Debug|Any CPU.Build.0 = Debug|Any CPU
		{3B20F8A4-87A8-41B7-8148-03793E4C5B76}.Release|Any CPU.ActiveCfg = Release|Any CPU
		{3B20F8A4-87A8-41B7-8148-03793E4C5B76}.Release|Any CPU.Build.0 = Release|Any CPU
	EndGlobalSection
	GlobalSection(SolutionProperties) = preSolution
		HideSolutionNode = FALSE
	EndGlobalSection
EndGlobal
