
Microsoft Visual Studio Solution File, Format Version 11.00
# Visual Studio 2010
Project("{FAE04EC0-301F-11D3-BF4B-00C04F79EFBC}") = "FastGrid", "FastGrid\FastGrid.csproj", "{CCDF7CAA-7EF6-4C3E-BB25-F976BC9A9DD2}"
EndProject
Project("{FAE04EC0-301F-11D3-BF4B-00C04F79EFBC}") = "TestApp", "TestApp\TestApp.csproj", "{D491610D-B3E7-4063-9CC9-307F16D7CE8E}"
EndProject
Global
	GlobalSection(SolutionConfigurationPlatforms) = preSolution
		Debug|Any CPU = Debug|Any CPU
		Debug|Mixed Platforms = Debug|Mixed Platforms
		Debug|x86 = Debug|x86
		Release|Any CPU = Release|Any CPU
		Release|Mixed Platforms = Release|Mixed Platforms
		Release|x86 = Release|x86
	EndGlobalSection
	GlobalSection(ProjectConfigurationPlatforms) = postSolution
		{CCDF7CAA-7EF6-4C3E-BB25-F976BC9A9DD2}.Debug|Any CPU.ActiveCfg = Debug|Any CPU
		{CCDF7CAA-7EF6-4C3E-BB25-F976BC9A9DD2}.Debug|Any CPU.Build.0 = Debug|Any CPU
		{CCDF7CAA-7EF6-4C3E-BB25-F976BC9A9DD2}.Debug|Mixed Platforms.ActiveCfg = Debug|Any CPU
		{CCDF7CAA-7EF6-4C3E-BB25-F976BC9A9DD2}.Debug|Mixed Platforms.Build.0 = Debug|Any CPU
		{CCDF7CAA-7EF6-4C3E-BB25-F976BC9A9DD2}.Debug|x86.ActiveCfg = Debug|Any CPU
		{CCDF7CAA-7EF6-4C3E-BB25-F976BC9A9DD2}.Release|Any CPU.ActiveCfg = Release|Any CPU
		{CCDF7CAA-7EF6-4C3E-BB25-F976BC9A9DD2}.Release|Any CPU.Build.0 = Release|Any CPU
		{CCDF7CAA-7EF6-4C3E-BB25-F976BC9A9DD2}.Release|Mixed Platforms.ActiveCfg = Release|Any CPU
		{CCDF7CAA-7EF6-4C3E-BB25-F976BC9A9DD2}.Release|Mixed Platforms.Build.0 = Release|Any CPU
		{CCDF7CAA-7EF6-4C3E-BB25-F976BC9A9DD2}.Release|x86.ActiveCfg = Release|Any CPU
		{D491610D-B3E7-4063-9CC9-307F16D7CE8E}.Debug|Any CPU.ActiveCfg = Debug|Any CPU
		{D491610D-B3E7-4063-9CC9-307F16D7CE8E}.Debug|Any CPU.Build.0 = Debug|Any CPU
		{D491610D-B3E7-4063-9CC9-307F16D7CE8E}.Debug|Mixed Platforms.ActiveCfg = Debug|Any CPU
		{D491610D-B3E7-4063-9CC9-307F16D7CE8E}.Debug|Mixed Platforms.Build.0 = Debug|Any CPU
		{D491610D-B3E7-4063-9CC9-307F16D7CE8E}.Debug|x86.ActiveCfg = Debug|Any CPU
		{D491610D-B3E7-4063-9CC9-307F16D7CE8E}.Release|Any CPU.ActiveCfg = Release|Any CPU
		{D491610D-B3E7-4063-9CC9-307F16D7CE8E}.Release|Any CPU.Build.0 = Release|Any CPU
		{D491610D-B3E7-4063-9CC9-307F16D7CE8E}.Release|Mixed Platforms.ActiveCfg = Release|Any CPU
		{D491610D-B3E7-4063-9CC9-307F16D7CE8E}.Release|Mixed Platforms.Build.0 = Release|Any CPU
		{D491610D-B3E7-4063-9CC9-307F16D7CE8E}.Release|x86.ActiveCfg = Release|Any CPU
	EndGlobalSection
	GlobalSection(SolutionProperties) = preSolution
		HideSolutionNode = FALSE
	EndGlobalSection
EndGlobal
