
Microsoft Visual Studio Solution File, Format Version 12.00
# Visual Studio 2012
Project("{FAE04EC0-301F-11D3-BF4B-00C04F79EFBC}") = "TradeSharp.Util", "TradeSharp.Util\TradeSharp.Util.csproj", "{4B406C3D-89C3-4C9F-A677-C3114D93B8F9}"
EndProject
Project("{2150E333-8FDC-42A3-9474-1A3956D46DE8}") = "Common", "Common", "{B0F364C6-DA51-445D-B71C-9F88C4D03ECE}"
EndProject
Project("{FAE04EC0-301F-11D3-BF4B-00C04F79EFBC}") = "Entity", "Common\Entity\Entity.csproj", "{33517AEB-576A-429E-B651-EA87B54242E7}"
EndProject
Project("{FAE04EC0-301F-11D3-BF4B-00C04F79EFBC}") = "TradeSharp.Contract", "TradeSharp.Contract\TradeSharp.Contract.csproj", "{168F1CAC-77C9-4847-B6C1-138E4373CCEA}"
EndProject
Project("{FAE04EC0-301F-11D3-BF4B-00C04F79EFBC}") = "TradeSharp.Contract.Util", "TradeSharp.Contract.Util\TradeSharp.Contract.Util.csproj", "{7DA33D58-6B7A-4551-93D6-488D31369D7A}"
EndProject
Project("{FAE04EC0-301F-11D3-BF4B-00C04F79EFBC}") = "Candlechart", "Common\Candlechart\Candlechart.csproj", "{7753653B-2D5D-4FBB-80A7-5B643127DCDC}"
EndProject
Project("{FAE04EC0-301F-11D3-BF4B-00C04F79EFBC}") = "TradeSharp.UI.Util", "TradeSharp.UI.Util\TradeSharp.UI.Util.csproj", "{386DDB6B-D707-4ADC-A0BC-08448D144A8D}"
EndProject
Project("{FAE04EC0-301F-11D3-BF4B-00C04F79EFBC}") = "TradeSharp.TradeLib", "TradeSharp.TradeLib\TradeSharp.TradeLib.csproj", "{DD2485D6-3C3A-4F4D-91E1-362B015B2F68}"
EndProject
Project("{FAE04EC0-301F-11D3-BF4B-00C04F79EFBC}") = "TradeSharp.Robot", "TradeSharp.Robot\TradeSharp.Robot.csproj", "{4A03E10A-86E8-4E73-8536-0969F30B803D}"
EndProject
Project("{2150E333-8FDC-42A3-9474-1A3956D46DE8}") = "SQL", "SQL", "{CD6495A4-735D-4D65-B49C-BD05DFBEFC8D}"
	ProjectSection(SolutionItems) = preProject
		SQL\create database.sql = SQL\create database.sql
		SQL\news.sql = SQL\news.sql
		SQL\StoredProcedures.sql = SQL\StoredProcedures.sql
	EndProjectSection
EndProject
Project("{FAE04EC0-301F-11D3-BF4B-00C04F79EFBC}") = "TradeSharp.Linq", "TradeSharp.Linq\TradeSharp.Linq.csproj", "{30751404-73AF-4BCA-93E5-6D8B42547C9F}"
EndProject
Project("{FAE04EC0-301F-11D3-BF4B-00C04F79EFBC}") = "TradeSharp.DealerInterface", "TradeSharp.DealerInterface\TradeSharp.DealerInterface.csproj", "{5ED87716-991A-4283-80C2-DC2318512B17}"
EndProject
Project("{FAE04EC0-301F-11D3-BF4B-00C04F79EFBC}") = "TradeSharp.ProviderProxyContract", "TradeSharp.ProviderProxyContract\TradeSharp.ProviderProxyContract.csproj", "{8BEDD458-A1FB-4AB5-A46A-1993F429E043}"
EndProject
Project("{FAE04EC0-301F-11D3-BF4B-00C04F79EFBC}") = "TradeSharp.ProviderProxy", "TradeSharp.ProviderProxy\TradeSharp.ProviderProxy.csproj", "{9AF2613D-9870-49D1-8151-6BE71DC5E012}"
EndProject
Project("{FAE04EC0-301F-11D3-BF4B-00C04F79EFBC}") = "TradeSharp.Server", "TradeSharp.Server\TradeSharp.Server.csproj", "{A64E75D8-BFF9-44EA-A0A5-DF06ABBA5EFA}"
EndProject
Project("{FAE04EC0-301F-11D3-BF4B-00C04F79EFBC}") = "TradeSharp.UpdateManager", "TradeSharp.UpdateManager\TradeSharp.UpdateManager.csproj", "{00E07933-B0E9-4893-8C61-C0CFF888F85D}"
EndProject
Project("{2150E333-8FDC-42A3-9474-1A3956D46DE8}") = "Dealer", "Dealer", "{9D444F16-502D-4CB9-AF61-D212D388A178}"
EndProject
Project("{FAE04EC0-301F-11D3-BF4B-00C04F79EFBC}") = "DemoDealer", "Dealer\DemoDealer\DemoDealer.csproj", "{7B606F9E-2F25-4845-A00C-7EA122E49BA4}"
EndProject
Project("{FAE04EC0-301F-11D3-BF4B-00C04F79EFBC}") = "FixDealer", "Dealer\FixDealer\FixDealer.csproj", "{20CC4494-EC2E-4C86-BE16-90AFA2372459}"
EndProject
Project("{FAE04EC0-301F-11D3-BF4B-00C04F79EFBC}") = "SignalDealer", "Dealer\SignalDealer\SignalDealer.csproj", "{AB9A2E23-3F36-419B-8C84-3DFFA60FAD08}"
EndProject
Project("{2150E333-8FDC-42A3-9474-1A3956D46DE8}") = "Plugin", "Plugin", "{9530DB8B-5E33-4CE2-93BC-C608311AAEE4}"
EndProject
Project("{FAE04EC0-301F-11D3-BF4B-00C04F79EFBC}") = "DemoPlugin", "Plugin\DemoPlugin\DemoPlugin.csproj", "{33E8A505-A50F-40E5-89A6-15E48FE416AD}"
EndProject
Project("{2150E333-8FDC-42A3-9474-1A3956D46DE8}") = "SiteBridge", "SiteBridge", "{95E7EEBD-DD1C-45FF-BB65-51B95243098E}"
EndProject
Project("{FAE04EC0-301F-11D3-BF4B-00C04F79EFBC}") = "TradeSharp.SiteBridge.Lib", "SiteBridge\TradeSharp.SiteBridge.Lib\TradeSharp.SiteBridge.Lib.csproj", "{98E58858-6473-49A2-BCFB-902221DE66C8}"
EndProject
Project("{FAE04EC0-301F-11D3-BF4B-00C04F79EFBC}") = "TradeSharp.SiteBridge.Service", "SiteBridge\TradeSharp.SiteBridge.Service\TradeSharp.SiteBridge.Service.csproj", "{4296D3D5-B53A-48B4-9FD2-73DF47059E3B}"
EndProject
Project("{2150E333-8FDC-42A3-9474-1A3956D46DE8}") = "Report", "Report", "{38A30C2F-9D9A-430F-A7C7-445E7E685436}"
EndProject
Project("{FAE04EC0-301F-11D3-BF4B-00C04F79EFBC}") = "TradeSharp.Reports.Lib", "Report\TradeSharp.Reports.Lib\TradeSharp.Reports.Lib.csproj", "{6E6E0098-7F65-4F74-8E0E-3865449E4E7F}"
EndProject
Project("{FAE04EC0-301F-11D3-BF4B-00C04F79EFBC}") = "TradeSharp.Reports.IndexGrabber", "Report\TradeSharp.Reports.IndexGrabber\TradeSharp.Reports.IndexGrabber.csproj", "{D939DEEF-7403-4B6D-89F6-E87361AA7B7D}"
EndProject
Project("{FAE04EC0-301F-11D3-BF4B-00C04F79EFBC}") = "TradeSharp.Reports.ManagerApp", "Report\TradeSharp.Reports.ManagerApp\TradeSharp.Reports.ManagerApp.csproj", "{13274F78-25A4-479E-BE41-664E8110F564}"
EndProject
Project("{FAE04EC0-301F-11D3-BF4B-00C04F79EFBC}") = "TradeSharp.QuoteService", "TradeSharp.QuoteService\TradeSharp.QuoteService.csproj", "{5E14D43F-6E27-48A6-9DAF-D84E833E216F}"
EndProject
Project("{FAE04EC0-301F-11D3-BF4B-00C04F79EFBC}") = "TradeSharp.WatchService", "TradeSharp.WatchService\TradeSharp.WatchService.csproj", "{85CEE6C0-527D-4242-9AF0-C3A869BA1209}"
EndProject
Project("{2150E333-8FDC-42A3-9474-1A3956D46DE8}") = "News", "News", "{E2DB5526-A071-4477-92C9-8ABFB6FB8EB8}"
EndProject
Project("{FAE04EC0-301F-11D3-BF4B-00C04F79EFBC}") = "TradeSharp.News.NewsReceiverLib", "News\TradeSharp.News.NewsReceiverLib\TradeSharp.News.NewsReceiverLib.csproj", "{4F28491F-D554-44F0-98ED-2D7AE7E1644D}"
EndProject
Project("{FAE04EC0-301F-11D3-BF4B-00C04F79EFBC}") = "TradeSharp.NewsGrabber", "News\TradeSharp.NewsGrabber\TradeSharp.NewsGrabber.csproj", "{240BCD43-F9AF-4795-8751-A0617E306EC2}"
EndProject
Project("{FAE04EC0-301F-11D3-BF4B-00C04F79EFBC}") = "TradeSharp.NewsServiceGUI", "News\TradeSharp.NewsServiceGUI\TradeSharp.NewsServiceGUI.csproj", "{93F89E48-68EE-4945-8391-1E4979ADA113}"
EndProject
Project("{FAE04EC0-301F-11D3-BF4B-00C04F79EFBC}") = "TradeSharp.Client", "TradeSharp.Client\TradeSharp.Client.csproj", "{7E6447BD-1928-40C8-8944-37F0C5D86FC9}"
	ProjectSection(ProjectDependencies) = postProject
		{77C611C5-39F4-4FFC-BD9A-32D70409E0BF} = {77C611C5-39F4-4FFC-BD9A-32D70409E0BF}
	EndProjectSection
EndProject
Project("{FAE04EC0-301F-11D3-BF4B-00C04F79EFBC}") = "TradeSharp.TradeSignal", "TradeSharp.TradeSignal\TradeSharp.TradeSignal.csproj", "{0615097D-7C02-4DBD-8F48-99FBC8464B4D}"
EndProject
Project("{FAE04EC0-301F-11D3-BF4B-00C04F79EFBC}") = "TradeSharp.Client.Subscription", "TradeSharp.Client.Subscription\TradeSharp.Client.Subscription.csproj", "{1D43B7A3-D499-4624-B5E3-70D6196C67E4}"
EndProject
Project("{FAE04EC0-301F-11D3-BF4B-00C04F79EFBC}") = "TradeSharp.QuoteAdmin", "TradeSharp.QuoteAdmin\TradeSharp.QuoteAdmin.csproj", "{CFFC5769-E684-45B1-AA07-B1A8318644CD}"
EndProject
Project("{FAE04EC0-301F-11D3-BF4B-00C04F79EFBC}") = "TradeSharp.UpdateServer", "TradeSharp.UpdateServer\TradeSharp.UpdateServer.csproj", "{F60D58B7-7296-4734-8704-92CAACEE365D}"
EndProject
Project("{FAE04EC0-301F-11D3-BF4B-00C04F79EFBC}") = "TradeSharp.UpdateContract", "TradeSharp.UpdateContract\TradeSharp.UpdateContract.csproj", "{C2B97926-C5E0-443B-B446-24A1B670B597}"
EndProject
Project("{FAE04EC0-301F-11D3-BF4B-00C04F79EFBC}") = "NewsRobot", "Plugin\RobotPackage\NewsRobot\NewsRobot.csproj", "{A64DD735-67AB-4EB7-8200-39A6FEEA13B1}"
EndProject
Project("{2150E333-8FDC-42A3-9474-1A3956D46DE8}") = "Solution Items", "Solution Items", "{0F600415-87A0-4531-A1C0-A216649BC0EC}"
	ProjectSection(SolutionItems) = preProject
		Local.testsettings = Local.testsettings
		TraceAndTestImpact.testsettings = TraceAndTestImpact.testsettings
		TradeSharp.vsmdi = TradeSharp.vsmdi
	EndProjectSection
EndProject
Project("{FAE04EC0-301F-11D3-BF4B-00C04F79EFBC}") = "NewsAnalysisScript", "Plugin\NewsAnalysisScript\NewsAnalysisScript.csproj", "{81FFD5F4-69B4-4F03-B697-216DAA91AE71}"
EndProject
Project("{FAE04EC0-301F-11D3-BF4B-00C04F79EFBC}") = "TradeSharp.Admin.Util", "TradeSharp.Admin.Util\TradeSharp.Admin.Util.csproj", "{9F863711-BEBA-4D1E-8AF3-D0331B15086B}"
EndProject
Project("{FAE04EC0-301F-11D3-BF4B-00C04F79EFBC}") = "TradeSharp.QuoteHistory", "TradeSharp.QuoteHistory\TradeSharp.QuoteHistory.csproj", "{52570351-41D0-48DB-B3CD-6C7FBDBEACF9}"
EndProject
Project("{2150E333-8FDC-42A3-9474-1A3956D46DE8}") = ".nuget", ".nuget", "{8FCBC4BA-1760-4040-8DC8-BA669D0CC006}"
	ProjectSection(SolutionItems) = preProject
		.nuget\NuGet.Config = .nuget\NuGet.Config
		.nuget\NuGet.exe = .nuget\NuGet.exe
		.nuget\NuGet.targets = .nuget\NuGet.targets
	EndProjectSection
EndProject
Project("{2150E333-8FDC-42A3-9474-1A3956D46DE8}") = "TradeSharp.Chat", "TradeSharp.Chat", "{0E654CE6-D5F1-4802-A9FE-42EE9868E62A}"
EndProject
Project("{FAE04EC0-301F-11D3-BF4B-00C04F79EFBC}") = "TradeSharp.Chat.Contract", "TradeSharp.Chat\Contract\TradeSharp.Chat.Contract.csproj", "{30B57708-1A64-412F-AA25-7D54D0195F6C}"
EndProject
Project("{FAE04EC0-301F-11D3-BF4B-00C04F79EFBC}") = "TradeSharp.Chat.Client", "TradeSharp.Chat\Client\TradeSharp.Chat.Client.csproj", "{77C611C5-39F4-4FFC-BD9A-32D70409E0BF}"
	ProjectSection(ProjectDependencies) = postProject
		{33517AEB-576A-429E-B651-EA87B54242E7} = {33517AEB-576A-429E-B651-EA87B54242E7}
	EndProjectSection
EndProject
Project("{FAE04EC0-301F-11D3-BF4B-00C04F79EFBC}") = "TradeSharp.Chat.Server", "TradeSharp.Chat\Server\TradeSharp.Chat.Server.csproj", "{1BBFDB47-0D61-455E-A973-EC33F241BC86}"
EndProject
Project("{FAE04EC0-301F-11D3-BF4B-00C04F79EFBC}") = "TradeSharp.Chat.StandAloneClient", "TradeSharp.Chat\StandAloneClient\TradeSharp.Chat.StandAloneClient.csproj", "{05F245FC-CEDC-4288-9C13-FB7F18D9BA13}"
	ProjectSection(ProjectDependencies) = postProject
		{33517AEB-576A-429E-B651-EA87B54242E7} = {33517AEB-576A-429E-B651-EA87B54242E7}
	EndProjectSection
EndProject
Project("{FAE04EC0-301F-11D3-BF4B-00C04F79EFBC}") = "TradeSharp.Chat.StandAloneServer", "TradeSharp.Chat\StandAloneServer\TradeSharp.Chat.StandAloneServer.csproj", "{DCA347E9-B6A0-4E0C-A237-51C7E034D5A7}"
EndProject
Project("{FAE04EC0-301F-11D3-BF4B-00C04F79EFBC}") = "TradeSharp.Chat.Service", "TradeSharp.Chat\TradeSharp.Chat.Service\TradeSharp.Chat.Service.csproj", "{DC86DD5A-B9F2-48F7-9ECB-79B2C03D47A7}"
EndProject
Project("{FAE04EC0-301F-11D3-BF4B-00C04F79EFBC}") = "TradeSharp.RobotFarm", "TradeSharp.RobotFarm\TradeSharp.RobotFarm.csproj", "{0756E620-F56D-4BCF-9EC9-EB10A45B6B9F}"
EndProject
Project("{FAE04EC0-301F-11D3-BF4B-00C04F79EFBC}") = "TradeSharp.RobotManager", "TradeSharp.RobotManager\TradeSharp.RobotManager.csproj", "{F2EBF11F-471F-41AA-9B15-2D83C6128B3E}"
EndProject
Project("{FAE04EC0-301F-11D3-BF4B-00C04F79EFBC}") = "TradeSharp.SiteBridge.QuoteServer", "SiteBridge\TradeSharp.SiteBridge.QuoteServer\TradeSharp.SiteBridge.QuoteServer.csproj", "{A420E4C0-14EB-4958-B09D-A9D52BAD728B}"
EndProject
Project("{FAE04EC0-301F-11D3-BF4B-00C04F79EFBC}") = "TradeSharp.Client.Tooltip", "TradeSharp.Client.Tooltip\TradeSharp.Client.Tooltip.csproj", "{00D62FDD-FD6C-4CE5-9458-7A7E396C268D}"
EndProject
Project("{FAE04EC0-301F-11D3-BF4B-00C04F79EFBC}") = "SiteSignalDealer", "Dealer\SiteSignalDealer\SiteSignalDealer.csproj", "{AD93FFD6-FC76-4E9A-BAA9-2A12D04130F1}"
EndProject
Project("{2150E333-8FDC-42A3-9474-1A3956D46DE8}") = "Test", "Test", "{58456565-79E0-40C6-B0A1-37776D8CBAC0}"
EndProject
Project("{FAE04EC0-301F-11D3-BF4B-00C04F79EFBC}") = "TradeSharp.Test", "Test\TradeSharp.Test\TradeSharp.Test.csproj", "{D38F67F2-0D82-4D7D-87CB-52FA5BEDC304}"
EndProject
Project("{FAE04EC0-301F-11D3-BF4B-00C04F79EFBC}") = "TradeSharp.Test.WinFormContainer", "Test\TradeSharp.Test.WinFormContainer\TradeSharp.Test.WinFormContainer.csproj", "{01B934DC-05A0-4C87-A0A6-789E03CA0A67}"
EndProject
Project("{FAE04EC0-301F-11D3-BF4B-00C04F79EFBC}") = "TradeSharp.Processing.Lib", "Processing\TradeSharp.Processing.Lib\TradeSharp.Processing.Lib.csproj", "{5A93ECB0-7E97-4DE2-9931-DBE9530B9D7D}"
EndProject
Project("{2150E333-8FDC-42A3-9474-1A3956D46DE8}") = "Processing", "Processing", "{4C20BF7B-2893-49EF-AFEC-C2AE8FC9B2DD}"
EndProject
Project("{FAE04EC0-301F-11D3-BF4B-00C04F79EFBC}") = "TradeSharp.Processing.WebMoney", "Processing\TradeSharp.Processing.WebMoney\TradeSharp.Processing.WebMoney.csproj", "{F1B1F557-BBBF-4DE3-AABA-0589B0A195B4}"
EndProject
Project("{FAE04EC0-301F-11D3-BF4B-00C04F79EFBC}") = "TradeSharp.Client.Util", "TradeSharp.Client.Util\TradeSharp.Client.Util.csproj", "{85913AA3-B955-46D1-9719-09B371E4DB7A}"
EndProject
Project("{FAE04EC0-301F-11D3-BF4B-00C04F79EFBC}") = "TradeSharp.TradeSignalExecutor", "TradeSharp.TradeSignalExecutor\TradeSharp.TradeSignalExecutor.csproj", "{7FA7A126-39B3-460F-B9C5-B0BC316D595B}"
EndProject
Project("{FAE04EC0-301F-11D3-BF4B-00C04F79EFBC}") = "TradeSharp.Localisation", "TradeSharp.Localisation\TradeSharp.Localisation.csproj", "{E0348C81-A1C5-47FA-8D2D-DD0C7BE201A4}"
EndProject
Project("{2150E333-8FDC-42A3-9474-1A3956D46DE8}") = "Hub", "Hub", "{629DE021-084F-4C4C-AAD9-ABDF48F24BCF}"
EndProject
Project("{FAE04EC0-301F-11D3-BF4B-00C04F79EFBC}") = "TradeSharp.Hub.Server", "Hub\TradeSharp.Hub.Server\TradeSharp.Hub.Server.csproj", "{96C7C9BF-0859-4AAF-B55B-3E67FBD943D5}"
EndProject
Project("{FAE04EC0-301F-11D3-BF4B-00C04F79EFBC}") = "TradeSharp.Hub.BL", "Hub\TradeSharp.Hub.BL\TradeSharp.Hub.BL.csproj", "{3EF24C12-E57E-42C9-9DCF-66394AC724CA}"
EndProject
Project("{FAE04EC0-301F-11D3-BF4B-00C04F79EFBC}") = "TradeSharp.Hub.WebSite", "Hub\TradeSharp.Hub.WebSite\TradeSharp.Hub.WebSite.csproj", "{10899E7D-E4B5-46B7-BD53-E0811C9876AA}"
EndProject
Project("{2150E333-8FDC-42A3-9474-1A3956D46DE8}") = "ServerUnitManager", "ServerUnitManager", "{34DFEC4B-E100-4455-99C8-F5662236ED26}"
EndProject
Project("{FAE04EC0-301F-11D3-BF4B-00C04F79EFBC}") = "ServerUnitManager.Contract", "ServerUnitManager\ServerUnitManager.Contract\ServerUnitManager.Contract.csproj", "{C7AAFADB-6A9B-4E42-A901-FDBEA5BCEDC6}"
EndProject
Project("{FAE04EC0-301F-11D3-BF4B-00C04F79EFBC}") = "ServerUnitManager.Service", "ServerUnitManager.Service\ServerUnitManager.Service.csproj", "{84ED2149-AEE2-4B34-82B7-0A36365B3BA5}"
EndProject
Project("{FAE04EC0-301F-11D3-BF4B-00C04F79EFBC}") = "Mt4Dealer", "Dealer\Mt4Dealer\Mt4Dealer.csproj", "{C6FF5EB9-6046-4223-9256-F7AF76FFBF5C}"
EndProject
Project("{FAE04EC0-301F-11D3-BF4B-00C04F79EFBC}") = "TradeSharp.RobotFarm.Request", "TradeSharp.RobotFarm.Request\TradeSharp.RobotFarm.Request.csproj", "{6161315E-8941-4761-852A-281F2BB1F313}"
EndProject
Global
	GlobalSection(TestCaseManagementSettings) = postSolution
		CategoryFile = TradeSharp.vsmdi
	EndGlobalSection
	GlobalSection(SolutionConfigurationPlatforms) = preSolution
		Debug|Any CPU = Debug|Any CPU
		Debug|Mixed Platforms = Debug|Mixed Platforms
		Debug|x86 = Debug|x86
		Release|Any CPU = Release|Any CPU
		Release|Mixed Platforms = Release|Mixed Platforms
		Release|x86 = Release|x86
	EndGlobalSection
	GlobalSection(ProjectConfigurationPlatforms) = postSolution
		{4B406C3D-89C3-4C9F-A677-C3114D93B8F9}.Debug|Any CPU.ActiveCfg = Debug|Any CPU
		{4B406C3D-89C3-4C9F-A677-C3114D93B8F9}.Debug|Any CPU.Build.0 = Debug|Any CPU
		{4B406C3D-89C3-4C9F-A677-C3114D93B8F9}.Debug|Mixed Platforms.ActiveCfg = Debug|Any CPU
		{4B406C3D-89C3-4C9F-A677-C3114D93B8F9}.Debug|Mixed Platforms.Build.0 = Debug|Any CPU
		{4B406C3D-89C3-4C9F-A677-C3114D93B8F9}.Debug|x86.ActiveCfg = Debug|Any CPU
		{4B406C3D-89C3-4C9F-A677-C3114D93B8F9}.Release|Any CPU.ActiveCfg = Release|Any CPU
		{4B406C3D-89C3-4C9F-A677-C3114D93B8F9}.Release|Any CPU.Build.0 = Release|Any CPU
		{4B406C3D-89C3-4C9F-A677-C3114D93B8F9}.Release|Mixed Platforms.ActiveCfg = Release|Any CPU
		{4B406C3D-89C3-4C9F-A677-C3114D93B8F9}.Release|Mixed Platforms.Build.0 = Release|Any CPU
		{4B406C3D-89C3-4C9F-A677-C3114D93B8F9}.Release|x86.ActiveCfg = Release|Any CPU
		{33517AEB-576A-429E-B651-EA87B54242E7}.Debug|Any CPU.ActiveCfg = Debug|Any CPU
		{33517AEB-576A-429E-B651-EA87B54242E7}.Debug|Any CPU.Build.0 = Debug|Any CPU
		{33517AEB-576A-429E-B651-EA87B54242E7}.Debug|Mixed Platforms.ActiveCfg = Debug|Any CPU
		{33517AEB-576A-429E-B651-EA87B54242E7}.Debug|Mixed Platforms.Build.0 = Debug|Any CPU
		{33517AEB-576A-429E-B651-EA87B54242E7}.Debug|x86.ActiveCfg = Debug|Any CPU
		{33517AEB-576A-429E-B651-EA87B54242E7}.Release|Any CPU.ActiveCfg = Release|Any CPU
		{33517AEB-576A-429E-B651-EA87B54242E7}.Release|Any CPU.Build.0 = Release|Any CPU
		{33517AEB-576A-429E-B651-EA87B54242E7}.Release|Mixed Platforms.ActiveCfg = Release|Any CPU
		{33517AEB-576A-429E-B651-EA87B54242E7}.Release|Mixed Platforms.Build.0 = Release|Any CPU
		{33517AEB-576A-429E-B651-EA87B54242E7}.Release|x86.ActiveCfg = Release|Any CPU
		{168F1CAC-77C9-4847-B6C1-138E4373CCEA}.Debug|Any CPU.ActiveCfg = Debug|Any CPU
		{168F1CAC-77C9-4847-B6C1-138E4373CCEA}.Debug|Any CPU.Build.0 = Debug|Any CPU
		{168F1CAC-77C9-4847-B6C1-138E4373CCEA}.Debug|Mixed Platforms.ActiveCfg = Debug|Any CPU
		{168F1CAC-77C9-4847-B6C1-138E4373CCEA}.Debug|Mixed Platforms.Build.0 = Debug|Any CPU
		{168F1CAC-77C9-4847-B6C1-138E4373CCEA}.Debug|x86.ActiveCfg = Debug|Any CPU
		{168F1CAC-77C9-4847-B6C1-138E4373CCEA}.Release|Any CPU.ActiveCfg = Release|Any CPU
		{168F1CAC-77C9-4847-B6C1-138E4373CCEA}.Release|Any CPU.Build.0 = Release|Any CPU
		{168F1CAC-77C9-4847-B6C1-138E4373CCEA}.Release|Mixed Platforms.ActiveCfg = Release|Any CPU
		{168F1CAC-77C9-4847-B6C1-138E4373CCEA}.Release|Mixed Platforms.Build.0 = Release|Any CPU
		{168F1CAC-77C9-4847-B6C1-138E4373CCEA}.Release|x86.ActiveCfg = Release|Any CPU
		{7DA33D58-6B7A-4551-93D6-488D31369D7A}.Debug|Any CPU.ActiveCfg = Debug|Any CPU
		{7DA33D58-6B7A-4551-93D6-488D31369D7A}.Debug|Any CPU.Build.0 = Debug|Any CPU
		{7DA33D58-6B7A-4551-93D6-488D31369D7A}.Debug|Mixed Platforms.ActiveCfg = Debug|Any CPU
		{7DA33D58-6B7A-4551-93D6-488D31369D7A}.Debug|Mixed Platforms.Build.0 = Debug|Any CPU
		{7DA33D58-6B7A-4551-93D6-488D31369D7A}.Debug|x86.ActiveCfg = Debug|Any CPU
		{7DA33D58-6B7A-4551-93D6-488D31369D7A}.Release|Any CPU.ActiveCfg = Release|Any CPU
		{7DA33D58-6B7A-4551-93D6-488D31369D7A}.Release|Any CPU.Build.0 = Release|Any CPU
		{7DA33D58-6B7A-4551-93D6-488D31369D7A}.Release|Mixed Platforms.ActiveCfg = Release|Any CPU
		{7DA33D58-6B7A-4551-93D6-488D31369D7A}.Release|Mixed Platforms.Build.0 = Release|Any CPU
		{7DA33D58-6B7A-4551-93D6-488D31369D7A}.Release|x86.ActiveCfg = Release|Any CPU
		{7753653B-2D5D-4FBB-80A7-5B643127DCDC}.Debug|Any CPU.ActiveCfg = Debug|Any CPU
		{7753653B-2D5D-4FBB-80A7-5B643127DCDC}.Debug|Any CPU.Build.0 = Debug|Any CPU
		{7753653B-2D5D-4FBB-80A7-5B643127DCDC}.Debug|Mixed Platforms.ActiveCfg = Debug|Any CPU
		{7753653B-2D5D-4FBB-80A7-5B643127DCDC}.Debug|Mixed Platforms.Build.0 = Debug|Any CPU
		{7753653B-2D5D-4FBB-80A7-5B643127DCDC}.Debug|x86.ActiveCfg = Debug|Any CPU
		{7753653B-2D5D-4FBB-80A7-5B643127DCDC}.Release|Any CPU.ActiveCfg = Release|Any CPU
		{7753653B-2D5D-4FBB-80A7-5B643127DCDC}.Release|Any CPU.Build.0 = Release|Any CPU
		{7753653B-2D5D-4FBB-80A7-5B643127DCDC}.Release|Mixed Platforms.ActiveCfg = Release|Any CPU
		{7753653B-2D5D-4FBB-80A7-5B643127DCDC}.Release|Mixed Platforms.Build.0 = Release|Any CPU
		{7753653B-2D5D-4FBB-80A7-5B643127DCDC}.Release|x86.ActiveCfg = Release|Any CPU
		{386DDB6B-D707-4ADC-A0BC-08448D144A8D}.Debug|Any CPU.ActiveCfg = Debug|Any CPU
		{386DDB6B-D707-4ADC-A0BC-08448D144A8D}.Debug|Any CPU.Build.0 = Debug|Any CPU
		{386DDB6B-D707-4ADC-A0BC-08448D144A8D}.Debug|Mixed Platforms.ActiveCfg = Debug|Any CPU
		{386DDB6B-D707-4ADC-A0BC-08448D144A8D}.Debug|Mixed Platforms.Build.0 = Debug|Any CPU
		{386DDB6B-D707-4ADC-A0BC-08448D144A8D}.Debug|x86.ActiveCfg = Debug|Any CPU
		{386DDB6B-D707-4ADC-A0BC-08448D144A8D}.Release|Any CPU.ActiveCfg = Release|Any CPU
		{386DDB6B-D707-4ADC-A0BC-08448D144A8D}.Release|Any CPU.Build.0 = Release|Any CPU
		{386DDB6B-D707-4ADC-A0BC-08448D144A8D}.Release|Mixed Platforms.ActiveCfg = Release|Any CPU
		{386DDB6B-D707-4ADC-A0BC-08448D144A8D}.Release|Mixed Platforms.Build.0 = Release|Any CPU
		{386DDB6B-D707-4ADC-A0BC-08448D144A8D}.Release|x86.ActiveCfg = Release|Any CPU
		{DD2485D6-3C3A-4F4D-91E1-362B015B2F68}.Debug|Any CPU.ActiveCfg = Debug|Any CPU
		{DD2485D6-3C3A-4F4D-91E1-362B015B2F68}.Debug|Any CPU.Build.0 = Debug|Any CPU
		{DD2485D6-3C3A-4F4D-91E1-362B015B2F68}.Debug|Mixed Platforms.ActiveCfg = Debug|Any CPU
		{DD2485D6-3C3A-4F4D-91E1-362B015B2F68}.Debug|Mixed Platforms.Build.0 = Debug|Any CPU
		{DD2485D6-3C3A-4F4D-91E1-362B015B2F68}.Debug|x86.ActiveCfg = Debug|Any CPU
		{DD2485D6-3C3A-4F4D-91E1-362B015B2F68}.Release|Any CPU.ActiveCfg = Release|Any CPU
		{DD2485D6-3C3A-4F4D-91E1-362B015B2F68}.Release|Any CPU.Build.0 = Release|Any CPU
		{DD2485D6-3C3A-4F4D-91E1-362B015B2F68}.Release|Mixed Platforms.ActiveCfg = Release|Any CPU
		{DD2485D6-3C3A-4F4D-91E1-362B015B2F68}.Release|Mixed Platforms.Build.0 = Release|Any CPU
		{DD2485D6-3C3A-4F4D-91E1-362B015B2F68}.Release|x86.ActiveCfg = Release|Any CPU
		{4A03E10A-86E8-4E73-8536-0969F30B803D}.Debug|Any CPU.ActiveCfg = Debug|Any CPU
		{4A03E10A-86E8-4E73-8536-0969F30B803D}.Debug|Any CPU.Build.0 = Debug|Any CPU
		{4A03E10A-86E8-4E73-8536-0969F30B803D}.Debug|Mixed Platforms.ActiveCfg = Debug|Any CPU
		{4A03E10A-86E8-4E73-8536-0969F30B803D}.Debug|Mixed Platforms.Build.0 = Debug|Any CPU
		{4A03E10A-86E8-4E73-8536-0969F30B803D}.Debug|x86.ActiveCfg = Debug|Any CPU
		{4A03E10A-86E8-4E73-8536-0969F30B803D}.Release|Any CPU.ActiveCfg = Release|Any CPU
		{4A03E10A-86E8-4E73-8536-0969F30B803D}.Release|Any CPU.Build.0 = Release|Any CPU
		{4A03E10A-86E8-4E73-8536-0969F30B803D}.Release|Mixed Platforms.ActiveCfg = Release|Any CPU
		{4A03E10A-86E8-4E73-8536-0969F30B803D}.Release|Mixed Platforms.Build.0 = Release|Any CPU
		{4A03E10A-86E8-4E73-8536-0969F30B803D}.Release|x86.ActiveCfg = Release|Any CPU
		{30751404-73AF-4BCA-93E5-6D8B42547C9F}.Debug|Any CPU.ActiveCfg = Debug|Any CPU
		{30751404-73AF-4BCA-93E5-6D8B42547C9F}.Debug|Any CPU.Build.0 = Debug|Any CPU
		{30751404-73AF-4BCA-93E5-6D8B42547C9F}.Debug|Mixed Platforms.ActiveCfg = Debug|Any CPU
		{30751404-73AF-4BCA-93E5-6D8B42547C9F}.Debug|Mixed Platforms.Build.0 = Debug|Any CPU
		{30751404-73AF-4BCA-93E5-6D8B42547C9F}.Debug|x86.ActiveCfg = Debug|Any CPU
		{30751404-73AF-4BCA-93E5-6D8B42547C9F}.Release|Any CPU.ActiveCfg = Release|Any CPU
		{30751404-73AF-4BCA-93E5-6D8B42547C9F}.Release|Any CPU.Build.0 = Release|Any CPU
		{30751404-73AF-4BCA-93E5-6D8B42547C9F}.Release|Mixed Platforms.ActiveCfg = Release|Any CPU
		{30751404-73AF-4BCA-93E5-6D8B42547C9F}.Release|Mixed Platforms.Build.0 = Release|Any CPU
		{30751404-73AF-4BCA-93E5-6D8B42547C9F}.Release|x86.ActiveCfg = Release|Any CPU
		{5ED87716-991A-4283-80C2-DC2318512B17}.Debug|Any CPU.ActiveCfg = Debug|Any CPU
		{5ED87716-991A-4283-80C2-DC2318512B17}.Debug|Any CPU.Build.0 = Debug|Any CPU
		{5ED87716-991A-4283-80C2-DC2318512B17}.Debug|Mixed Platforms.ActiveCfg = Debug|Any CPU
		{5ED87716-991A-4283-80C2-DC2318512B17}.Debug|Mixed Platforms.Build.0 = Debug|Any CPU
		{5ED87716-991A-4283-80C2-DC2318512B17}.Debug|x86.ActiveCfg = Debug|Any CPU
		{5ED87716-991A-4283-80C2-DC2318512B17}.Release|Any CPU.ActiveCfg = Release|Any CPU
		{5ED87716-991A-4283-80C2-DC2318512B17}.Release|Any CPU.Build.0 = Release|Any CPU
		{5ED87716-991A-4283-80C2-DC2318512B17}.Release|Mixed Platforms.ActiveCfg = Release|Any CPU
		{5ED87716-991A-4283-80C2-DC2318512B17}.Release|Mixed Platforms.Build.0 = Release|Any CPU
		{5ED87716-991A-4283-80C2-DC2318512B17}.Release|x86.ActiveCfg = Release|Any CPU
		{8BEDD458-A1FB-4AB5-A46A-1993F429E043}.Debug|Any CPU.ActiveCfg = Debug|Any CPU
		{8BEDD458-A1FB-4AB5-A46A-1993F429E043}.Debug|Any CPU.Build.0 = Debug|Any CPU
		{8BEDD458-A1FB-4AB5-A46A-1993F429E043}.Debug|Mixed Platforms.ActiveCfg = Debug|Any CPU
		{8BEDD458-A1FB-4AB5-A46A-1993F429E043}.Debug|Mixed Platforms.Build.0 = Debug|Any CPU
		{8BEDD458-A1FB-4AB5-A46A-1993F429E043}.Debug|x86.ActiveCfg = Debug|Any CPU
		{8BEDD458-A1FB-4AB5-A46A-1993F429E043}.Release|Any CPU.ActiveCfg = Release|Any CPU
		{8BEDD458-A1FB-4AB5-A46A-1993F429E043}.Release|Any CPU.Build.0 = Release|Any CPU
		{8BEDD458-A1FB-4AB5-A46A-1993F429E043}.Release|Mixed Platforms.ActiveCfg = Release|Any CPU
		{8BEDD458-A1FB-4AB5-A46A-1993F429E043}.Release|Mixed Platforms.Build.0 = Release|Any CPU
		{8BEDD458-A1FB-4AB5-A46A-1993F429E043}.Release|x86.ActiveCfg = Release|Any CPU
		{9AF2613D-9870-49D1-8151-6BE71DC5E012}.Debug|Any CPU.ActiveCfg = Debug|x86
		{9AF2613D-9870-49D1-8151-6BE71DC5E012}.Debug|Mixed Platforms.ActiveCfg = Debug|x86
		{9AF2613D-9870-49D1-8151-6BE71DC5E012}.Debug|Mixed Platforms.Build.0 = Debug|x86
		{9AF2613D-9870-49D1-8151-6BE71DC5E012}.Debug|x86.ActiveCfg = Debug|x86
		{9AF2613D-9870-49D1-8151-6BE71DC5E012}.Debug|x86.Build.0 = Debug|x86
		{9AF2613D-9870-49D1-8151-6BE71DC5E012}.Release|Any CPU.ActiveCfg = Release|x86
		{9AF2613D-9870-49D1-8151-6BE71DC5E012}.Release|Mixed Platforms.ActiveCfg = Release|x86
		{9AF2613D-9870-49D1-8151-6BE71DC5E012}.Release|Mixed Platforms.Build.0 = Release|x86
		{9AF2613D-9870-49D1-8151-6BE71DC5E012}.Release|x86.ActiveCfg = Release|x86
		{9AF2613D-9870-49D1-8151-6BE71DC5E012}.Release|x86.Build.0 = Release|x86
		{A64E75D8-BFF9-44EA-A0A5-DF06ABBA5EFA}.Debug|Any CPU.ActiveCfg = Debug|x86
		{A64E75D8-BFF9-44EA-A0A5-DF06ABBA5EFA}.Debug|Mixed Platforms.ActiveCfg = Debug|x86
		{A64E75D8-BFF9-44EA-A0A5-DF06ABBA5EFA}.Debug|Mixed Platforms.Build.0 = Debug|x86
		{A64E75D8-BFF9-44EA-A0A5-DF06ABBA5EFA}.Debug|x86.ActiveCfg = Debug|x86
		{A64E75D8-BFF9-44EA-A0A5-DF06ABBA5EFA}.Debug|x86.Build.0 = Debug|x86
		{A64E75D8-BFF9-44EA-A0A5-DF06ABBA5EFA}.Release|Any CPU.ActiveCfg = Release|x86
		{A64E75D8-BFF9-44EA-A0A5-DF06ABBA5EFA}.Release|Mixed Platforms.ActiveCfg = Release|x86
		{A64E75D8-BFF9-44EA-A0A5-DF06ABBA5EFA}.Release|Mixed Platforms.Build.0 = Release|x86
		{A64E75D8-BFF9-44EA-A0A5-DF06ABBA5EFA}.Release|x86.ActiveCfg = Release|x86
		{A64E75D8-BFF9-44EA-A0A5-DF06ABBA5EFA}.Release|x86.Build.0 = Release|x86
		{00E07933-B0E9-4893-8C61-C0CFF888F85D}.Debug|Any CPU.ActiveCfg = Debug|x86
		{00E07933-B0E9-4893-8C61-C0CFF888F85D}.Debug|Mixed Platforms.ActiveCfg = Debug|x86
		{00E07933-B0E9-4893-8C61-C0CFF888F85D}.Debug|Mixed Platforms.Build.0 = Debug|x86
		{00E07933-B0E9-4893-8C61-C0CFF888F85D}.Debug|x86.ActiveCfg = Debug|x86
		{00E07933-B0E9-4893-8C61-C0CFF888F85D}.Debug|x86.Build.0 = Debug|x86
		{00E07933-B0E9-4893-8C61-C0CFF888F85D}.Release|Any CPU.ActiveCfg = Release|x86
		{00E07933-B0E9-4893-8C61-C0CFF888F85D}.Release|Mixed Platforms.ActiveCfg = Release|x86
		{00E07933-B0E9-4893-8C61-C0CFF888F85D}.Release|Mixed Platforms.Build.0 = Release|x86
		{00E07933-B0E9-4893-8C61-C0CFF888F85D}.Release|x86.ActiveCfg = Release|x86
		{00E07933-B0E9-4893-8C61-C0CFF888F85D}.Release|x86.Build.0 = Release|x86
		{7B606F9E-2F25-4845-A00C-7EA122E49BA4}.Debug|Any CPU.ActiveCfg = Debug|Any CPU
		{7B606F9E-2F25-4845-A00C-7EA122E49BA4}.Debug|Any CPU.Build.0 = Debug|Any CPU
		{7B606F9E-2F25-4845-A00C-7EA122E49BA4}.Debug|Mixed Platforms.ActiveCfg = Debug|Any CPU
		{7B606F9E-2F25-4845-A00C-7EA122E49BA4}.Debug|Mixed Platforms.Build.0 = Debug|Any CPU
		{7B606F9E-2F25-4845-A00C-7EA122E49BA4}.Debug|x86.ActiveCfg = Debug|Any CPU
		{7B606F9E-2F25-4845-A00C-7EA122E49BA4}.Release|Any CPU.ActiveCfg = Release|Any CPU
		{7B606F9E-2F25-4845-A00C-7EA122E49BA4}.Release|Any CPU.Build.0 = Release|Any CPU
		{7B606F9E-2F25-4845-A00C-7EA122E49BA4}.Release|Mixed Platforms.ActiveCfg = Release|Any CPU
		{7B606F9E-2F25-4845-A00C-7EA122E49BA4}.Release|Mixed Platforms.Build.0 = Release|Any CPU
		{7B606F9E-2F25-4845-A00C-7EA122E49BA4}.Release|x86.ActiveCfg = Release|Any CPU
		{20CC4494-EC2E-4C86-BE16-90AFA2372459}.Debug|Any CPU.ActiveCfg = Debug|Any CPU
		{20CC4494-EC2E-4C86-BE16-90AFA2372459}.Debug|Any CPU.Build.0 = Debug|Any CPU
		{20CC4494-EC2E-4C86-BE16-90AFA2372459}.Debug|Mixed Platforms.ActiveCfg = Debug|Any CPU
		{20CC4494-EC2E-4C86-BE16-90AFA2372459}.Debug|Mixed Platforms.Build.0 = Debug|Any CPU
		{20CC4494-EC2E-4C86-BE16-90AFA2372459}.Debug|x86.ActiveCfg = Debug|Any CPU
		{20CC4494-EC2E-4C86-BE16-90AFA2372459}.Release|Any CPU.ActiveCfg = Release|Any CPU
		{20CC4494-EC2E-4C86-BE16-90AFA2372459}.Release|Any CPU.Build.0 = Release|Any CPU
		{20CC4494-EC2E-4C86-BE16-90AFA2372459}.Release|Mixed Platforms.ActiveCfg = Release|Any CPU
		{20CC4494-EC2E-4C86-BE16-90AFA2372459}.Release|Mixed Platforms.Build.0 = Release|Any CPU
		{20CC4494-EC2E-4C86-BE16-90AFA2372459}.Release|x86.ActiveCfg = Release|Any CPU
		{AB9A2E23-3F36-419B-8C84-3DFFA60FAD08}.Debug|Any CPU.ActiveCfg = Debug|Any CPU
		{AB9A2E23-3F36-419B-8C84-3DFFA60FAD08}.Debug|Any CPU.Build.0 = Debug|Any CPU
		{AB9A2E23-3F36-419B-8C84-3DFFA60FAD08}.Debug|Mixed Platforms.ActiveCfg = Debug|Any CPU
		{AB9A2E23-3F36-419B-8C84-3DFFA60FAD08}.Debug|Mixed Platforms.Build.0 = Debug|Any CPU
		{AB9A2E23-3F36-419B-8C84-3DFFA60FAD08}.Debug|x86.ActiveCfg = Debug|Any CPU
		{AB9A2E23-3F36-419B-8C84-3DFFA60FAD08}.Release|Any CPU.ActiveCfg = Release|Any CPU
		{AB9A2E23-3F36-419B-8C84-3DFFA60FAD08}.Release|Any CPU.Build.0 = Release|Any CPU
		{AB9A2E23-3F36-419B-8C84-3DFFA60FAD08}.Release|Mixed Platforms.ActiveCfg = Release|Any CPU
		{AB9A2E23-3F36-419B-8C84-3DFFA60FAD08}.Release|Mixed Platforms.Build.0 = Release|Any CPU
		{AB9A2E23-3F36-419B-8C84-3DFFA60FAD08}.Release|x86.ActiveCfg = Release|Any CPU
		{33E8A505-A50F-40E5-89A6-15E48FE416AD}.Debug|Any CPU.ActiveCfg = Debug|Any CPU
		{33E8A505-A50F-40E5-89A6-15E48FE416AD}.Debug|Any CPU.Build.0 = Debug|Any CPU
		{33E8A505-A50F-40E5-89A6-15E48FE416AD}.Debug|Mixed Platforms.ActiveCfg = Debug|Any CPU
		{33E8A505-A50F-40E5-89A6-15E48FE416AD}.Debug|Mixed Platforms.Build.0 = Debug|Any CPU
		{33E8A505-A50F-40E5-89A6-15E48FE416AD}.Debug|x86.ActiveCfg = Debug|Any CPU
		{33E8A505-A50F-40E5-89A6-15E48FE416AD}.Release|Any CPU.ActiveCfg = Release|Any CPU
		{33E8A505-A50F-40E5-89A6-15E48FE416AD}.Release|Any CPU.Build.0 = Release|Any CPU
		{33E8A505-A50F-40E5-89A6-15E48FE416AD}.Release|Mixed Platforms.ActiveCfg = Release|Any CPU
		{33E8A505-A50F-40E5-89A6-15E48FE416AD}.Release|Mixed Platforms.Build.0 = Release|Any CPU
		{33E8A505-A50F-40E5-89A6-15E48FE416AD}.Release|x86.ActiveCfg = Release|Any CPU
		{98E58858-6473-49A2-BCFB-902221DE66C8}.Debug|Any CPU.ActiveCfg = Debug|Any CPU
		{98E58858-6473-49A2-BCFB-902221DE66C8}.Debug|Any CPU.Build.0 = Debug|Any CPU
		{98E58858-6473-49A2-BCFB-902221DE66C8}.Debug|Mixed Platforms.ActiveCfg = Debug|Any CPU
		{98E58858-6473-49A2-BCFB-902221DE66C8}.Debug|Mixed Platforms.Build.0 = Debug|Any CPU
		{98E58858-6473-49A2-BCFB-902221DE66C8}.Debug|x86.ActiveCfg = Debug|Any CPU
		{98E58858-6473-49A2-BCFB-902221DE66C8}.Release|Any CPU.ActiveCfg = Release|Any CPU
		{98E58858-6473-49A2-BCFB-902221DE66C8}.Release|Any CPU.Build.0 = Release|Any CPU
		{98E58858-6473-49A2-BCFB-902221DE66C8}.Release|Mixed Platforms.ActiveCfg = Release|Any CPU
		{98E58858-6473-49A2-BCFB-902221DE66C8}.Release|Mixed Platforms.Build.0 = Release|Any CPU
		{98E58858-6473-49A2-BCFB-902221DE66C8}.Release|x86.ActiveCfg = Release|Any CPU
		{4296D3D5-B53A-48B4-9FD2-73DF47059E3B}.Debug|Any CPU.ActiveCfg = Debug|x86
		{4296D3D5-B53A-48B4-9FD2-73DF47059E3B}.Debug|Mixed Platforms.ActiveCfg = Debug|x86
		{4296D3D5-B53A-48B4-9FD2-73DF47059E3B}.Debug|Mixed Platforms.Build.0 = Debug|x86
		{4296D3D5-B53A-48B4-9FD2-73DF47059E3B}.Debug|x86.ActiveCfg = Debug|x86
		{4296D3D5-B53A-48B4-9FD2-73DF47059E3B}.Debug|x86.Build.0 = Debug|x86
		{4296D3D5-B53A-48B4-9FD2-73DF47059E3B}.Release|Any CPU.ActiveCfg = Release|x86
		{4296D3D5-B53A-48B4-9FD2-73DF47059E3B}.Release|Mixed Platforms.ActiveCfg = Release|x86
		{4296D3D5-B53A-48B4-9FD2-73DF47059E3B}.Release|Mixed Platforms.Build.0 = Release|x86
		{4296D3D5-B53A-48B4-9FD2-73DF47059E3B}.Release|x86.ActiveCfg = Release|x86
		{4296D3D5-B53A-48B4-9FD2-73DF47059E3B}.Release|x86.Build.0 = Release|x86
		{6E6E0098-7F65-4F74-8E0E-3865449E4E7F}.Debug|Any CPU.ActiveCfg = Debug|Any CPU
		{6E6E0098-7F65-4F74-8E0E-3865449E4E7F}.Debug|Any CPU.Build.0 = Debug|Any CPU
		{6E6E0098-7F65-4F74-8E0E-3865449E4E7F}.Debug|Mixed Platforms.ActiveCfg = Debug|Any CPU
		{6E6E0098-7F65-4F74-8E0E-3865449E4E7F}.Debug|Mixed Platforms.Build.0 = Debug|Any CPU
		{6E6E0098-7F65-4F74-8E0E-3865449E4E7F}.Debug|x86.ActiveCfg = Debug|Any CPU
		{6E6E0098-7F65-4F74-8E0E-3865449E4E7F}.Release|Any CPU.ActiveCfg = Release|Any CPU
		{6E6E0098-7F65-4F74-8E0E-3865449E4E7F}.Release|Any CPU.Build.0 = Release|Any CPU
		{6E6E0098-7F65-4F74-8E0E-3865449E4E7F}.Release|Mixed Platforms.ActiveCfg = Release|Any CPU
		{6E6E0098-7F65-4F74-8E0E-3865449E4E7F}.Release|Mixed Platforms.Build.0 = Release|Any CPU
		{6E6E0098-7F65-4F74-8E0E-3865449E4E7F}.Release|x86.ActiveCfg = Release|Any CPU
		{D939DEEF-7403-4B6D-89F6-E87361AA7B7D}.Debug|Any CPU.ActiveCfg = Debug|x86
		{D939DEEF-7403-4B6D-89F6-E87361AA7B7D}.Debug|Mixed Platforms.ActiveCfg = Debug|x86
		{D939DEEF-7403-4B6D-89F6-E87361AA7B7D}.Debug|Mixed Platforms.Build.0 = Debug|x86
		{D939DEEF-7403-4B6D-89F6-E87361AA7B7D}.Debug|x86.ActiveCfg = Debug|x86
		{D939DEEF-7403-4B6D-89F6-E87361AA7B7D}.Debug|x86.Build.0 = Debug|x86
		{D939DEEF-7403-4B6D-89F6-E87361AA7B7D}.Release|Any CPU.ActiveCfg = Release|x86
		{D939DEEF-7403-4B6D-89F6-E87361AA7B7D}.Release|Mixed Platforms.ActiveCfg = Release|x86
		{D939DEEF-7403-4B6D-89F6-E87361AA7B7D}.Release|Mixed Platforms.Build.0 = Release|x86
		{D939DEEF-7403-4B6D-89F6-E87361AA7B7D}.Release|x86.ActiveCfg = Release|x86
		{D939DEEF-7403-4B6D-89F6-E87361AA7B7D}.Release|x86.Build.0 = Release|x86
		{13274F78-25A4-479E-BE41-664E8110F564}.Debug|Any CPU.ActiveCfg = Debug|x86
		{13274F78-25A4-479E-BE41-664E8110F564}.Debug|Mixed Platforms.ActiveCfg = Debug|x86
		{13274F78-25A4-479E-BE41-664E8110F564}.Debug|Mixed Platforms.Build.0 = Debug|x86
		{13274F78-25A4-479E-BE41-664E8110F564}.Debug|x86.ActiveCfg = Debug|x86
		{13274F78-25A4-479E-BE41-664E8110F564}.Debug|x86.Build.0 = Debug|x86
		{13274F78-25A4-479E-BE41-664E8110F564}.Release|Any CPU.ActiveCfg = Release|x86
		{13274F78-25A4-479E-BE41-664E8110F564}.Release|Mixed Platforms.ActiveCfg = Release|x86
		{13274F78-25A4-479E-BE41-664E8110F564}.Release|Mixed Platforms.Build.0 = Release|x86
		{13274F78-25A4-479E-BE41-664E8110F564}.Release|x86.ActiveCfg = Release|x86
		{13274F78-25A4-479E-BE41-664E8110F564}.Release|x86.Build.0 = Release|x86
		{5E14D43F-6E27-48A6-9DAF-D84E833E216F}.Debug|Any CPU.ActiveCfg = Debug|x86
		{5E14D43F-6E27-48A6-9DAF-D84E833E216F}.Debug|Mixed Platforms.ActiveCfg = Debug|x86
		{5E14D43F-6E27-48A6-9DAF-D84E833E216F}.Debug|Mixed Platforms.Build.0 = Debug|x86
		{5E14D43F-6E27-48A6-9DAF-D84E833E216F}.Debug|x86.ActiveCfg = Debug|x86
		{5E14D43F-6E27-48A6-9DAF-D84E833E216F}.Debug|x86.Build.0 = Debug|x86
		{5E14D43F-6E27-48A6-9DAF-D84E833E216F}.Release|Any CPU.ActiveCfg = Release|x86
		{5E14D43F-6E27-48A6-9DAF-D84E833E216F}.Release|Mixed Platforms.ActiveCfg = Release|x86
		{5E14D43F-6E27-48A6-9DAF-D84E833E216F}.Release|Mixed Platforms.Build.0 = Release|x86
		{5E14D43F-6E27-48A6-9DAF-D84E833E216F}.Release|x86.ActiveCfg = Release|x86
		{5E14D43F-6E27-48A6-9DAF-D84E833E216F}.Release|x86.Build.0 = Release|x86
		{85CEE6C0-527D-4242-9AF0-C3A869BA1209}.Debug|Any CPU.ActiveCfg = Debug|x86
		{85CEE6C0-527D-4242-9AF0-C3A869BA1209}.Debug|Mixed Platforms.ActiveCfg = Debug|x86
		{85CEE6C0-527D-4242-9AF0-C3A869BA1209}.Debug|Mixed Platforms.Build.0 = Debug|x86
		{85CEE6C0-527D-4242-9AF0-C3A869BA1209}.Debug|x86.ActiveCfg = Debug|x86
		{85CEE6C0-527D-4242-9AF0-C3A869BA1209}.Debug|x86.Build.0 = Debug|x86
		{85CEE6C0-527D-4242-9AF0-C3A869BA1209}.Release|Any CPU.ActiveCfg = Release|x86
		{85CEE6C0-527D-4242-9AF0-C3A869BA1209}.Release|Mixed Platforms.ActiveCfg = Release|x86
		{85CEE6C0-527D-4242-9AF0-C3A869BA1209}.Release|Mixed Platforms.Build.0 = Release|x86
		{85CEE6C0-527D-4242-9AF0-C3A869BA1209}.Release|x86.ActiveCfg = Release|x86
		{85CEE6C0-527D-4242-9AF0-C3A869BA1209}.Release|x86.Build.0 = Release|x86
		{4F28491F-D554-44F0-98ED-2D7AE7E1644D}.Debug|Any CPU.ActiveCfg = Debug|Any CPU
		{4F28491F-D554-44F0-98ED-2D7AE7E1644D}.Debug|Any CPU.Build.0 = Debug|Any CPU
		{4F28491F-D554-44F0-98ED-2D7AE7E1644D}.Debug|Mixed Platforms.ActiveCfg = Debug|Any CPU
		{4F28491F-D554-44F0-98ED-2D7AE7E1644D}.Debug|Mixed Platforms.Build.0 = Debug|Any CPU
		{4F28491F-D554-44F0-98ED-2D7AE7E1644D}.Debug|x86.ActiveCfg = Debug|Any CPU
		{4F28491F-D554-44F0-98ED-2D7AE7E1644D}.Release|Any CPU.ActiveCfg = Release|Any CPU
		{4F28491F-D554-44F0-98ED-2D7AE7E1644D}.Release|Any CPU.Build.0 = Release|Any CPU
		{4F28491F-D554-44F0-98ED-2D7AE7E1644D}.Release|Mixed Platforms.ActiveCfg = Release|Any CPU
		{4F28491F-D554-44F0-98ED-2D7AE7E1644D}.Release|Mixed Platforms.Build.0 = Release|Any CPU
		{4F28491F-D554-44F0-98ED-2D7AE7E1644D}.Release|x86.ActiveCfg = Release|Any CPU
		{240BCD43-F9AF-4795-8751-A0617E306EC2}.Debug|Any CPU.ActiveCfg = Debug|x86
		{240BCD43-F9AF-4795-8751-A0617E306EC2}.Debug|Mixed Platforms.ActiveCfg = Debug|x86
		{240BCD43-F9AF-4795-8751-A0617E306EC2}.Debug|Mixed Platforms.Build.0 = Debug|x86
		{240BCD43-F9AF-4795-8751-A0617E306EC2}.Debug|x86.ActiveCfg = Debug|x86
		{240BCD43-F9AF-4795-8751-A0617E306EC2}.Debug|x86.Build.0 = Debug|x86
		{240BCD43-F9AF-4795-8751-A0617E306EC2}.Release|Any CPU.ActiveCfg = Release|x86
		{240BCD43-F9AF-4795-8751-A0617E306EC2}.Release|Mixed Platforms.ActiveCfg = Release|x86
		{240BCD43-F9AF-4795-8751-A0617E306EC2}.Release|Mixed Platforms.Build.0 = Release|x86
		{240BCD43-F9AF-4795-8751-A0617E306EC2}.Release|x86.ActiveCfg = Release|x86
		{240BCD43-F9AF-4795-8751-A0617E306EC2}.Release|x86.Build.0 = Release|x86
		{93F89E48-68EE-4945-8391-1E4979ADA113}.Debug|Any CPU.ActiveCfg = Debug|x86
		{93F89E48-68EE-4945-8391-1E4979ADA113}.Debug|Mixed Platforms.ActiveCfg = Debug|x86
		{93F89E48-68EE-4945-8391-1E4979ADA113}.Debug|Mixed Platforms.Build.0 = Debug|x86
		{93F89E48-68EE-4945-8391-1E4979ADA113}.Debug|x86.ActiveCfg = Debug|x86
		{93F89E48-68EE-4945-8391-1E4979ADA113}.Debug|x86.Build.0 = Debug|x86
		{93F89E48-68EE-4945-8391-1E4979ADA113}.Release|Any CPU.ActiveCfg = Release|x86
		{93F89E48-68EE-4945-8391-1E4979ADA113}.Release|Mixed Platforms.ActiveCfg = Release|x86
		{93F89E48-68EE-4945-8391-1E4979ADA113}.Release|Mixed Platforms.Build.0 = Release|x86
		{93F89E48-68EE-4945-8391-1E4979ADA113}.Release|x86.ActiveCfg = Release|x86
		{93F89E48-68EE-4945-8391-1E4979ADA113}.Release|x86.Build.0 = Release|x86
		{7E6447BD-1928-40C8-8944-37F0C5D86FC9}.Debug|Any CPU.ActiveCfg = Debug|x86
		{7E6447BD-1928-40C8-8944-37F0C5D86FC9}.Debug|Mixed Platforms.ActiveCfg = Debug|x86
		{7E6447BD-1928-40C8-8944-37F0C5D86FC9}.Debug|Mixed Platforms.Build.0 = Debug|x86
		{7E6447BD-1928-40C8-8944-37F0C5D86FC9}.Debug|x86.ActiveCfg = Debug|x86
		{7E6447BD-1928-40C8-8944-37F0C5D86FC9}.Debug|x86.Build.0 = Debug|x86
		{7E6447BD-1928-40C8-8944-37F0C5D86FC9}.Release|Any CPU.ActiveCfg = Release|x86
		{7E6447BD-1928-40C8-8944-37F0C5D86FC9}.Release|Mixed Platforms.ActiveCfg = Release|x86
		{7E6447BD-1928-40C8-8944-37F0C5D86FC9}.Release|Mixed Platforms.Build.0 = Release|x86
		{7E6447BD-1928-40C8-8944-37F0C5D86FC9}.Release|x86.ActiveCfg = Release|x86
		{7E6447BD-1928-40C8-8944-37F0C5D86FC9}.Release|x86.Build.0 = Release|x86
		{0615097D-7C02-4DBD-8F48-99FBC8464B4D}.Debug|Any CPU.ActiveCfg = Debug|x86
		{0615097D-7C02-4DBD-8F48-99FBC8464B4D}.Debug|Mixed Platforms.ActiveCfg = Debug|x86
		{0615097D-7C02-4DBD-8F48-99FBC8464B4D}.Debug|Mixed Platforms.Build.0 = Debug|x86
		{0615097D-7C02-4DBD-8F48-99FBC8464B4D}.Debug|x86.ActiveCfg = Debug|x86
		{0615097D-7C02-4DBD-8F48-99FBC8464B4D}.Debug|x86.Build.0 = Debug|x86
		{0615097D-7C02-4DBD-8F48-99FBC8464B4D}.Release|Any CPU.ActiveCfg = Release|x86
		{0615097D-7C02-4DBD-8F48-99FBC8464B4D}.Release|Mixed Platforms.ActiveCfg = Release|x86
		{0615097D-7C02-4DBD-8F48-99FBC8464B4D}.Release|Mixed Platforms.Build.0 = Release|x86
		{0615097D-7C02-4DBD-8F48-99FBC8464B4D}.Release|x86.ActiveCfg = Release|x86
		{0615097D-7C02-4DBD-8F48-99FBC8464B4D}.Release|x86.Build.0 = Release|x86
		{1D43B7A3-D499-4624-B5E3-70D6196C67E4}.Debug|Any CPU.ActiveCfg = Debug|Any CPU
		{1D43B7A3-D499-4624-B5E3-70D6196C67E4}.Debug|Any CPU.Build.0 = Debug|Any CPU
		{1D43B7A3-D499-4624-B5E3-70D6196C67E4}.Debug|Mixed Platforms.ActiveCfg = Debug|Any CPU
		{1D43B7A3-D499-4624-B5E3-70D6196C67E4}.Debug|Mixed Platforms.Build.0 = Debug|Any CPU
		{1D43B7A3-D499-4624-B5E3-70D6196C67E4}.Debug|x86.ActiveCfg = Debug|Any CPU
		{1D43B7A3-D499-4624-B5E3-70D6196C67E4}.Release|Any CPU.ActiveCfg = Release|Any CPU
		{1D43B7A3-D499-4624-B5E3-70D6196C67E4}.Release|Any CPU.Build.0 = Release|Any CPU
		{1D43B7A3-D499-4624-B5E3-70D6196C67E4}.Release|Mixed Platforms.ActiveCfg = Release|Any CPU
		{1D43B7A3-D499-4624-B5E3-70D6196C67E4}.Release|Mixed Platforms.Build.0 = Release|Any CPU
		{1D43B7A3-D499-4624-B5E3-70D6196C67E4}.Release|x86.ActiveCfg = Release|Any CPU
		{CFFC5769-E684-45B1-AA07-B1A8318644CD}.Debug|Any CPU.ActiveCfg = Debug|x86
		{CFFC5769-E684-45B1-AA07-B1A8318644CD}.Debug|Mixed Platforms.ActiveCfg = Debug|x86
		{CFFC5769-E684-45B1-AA07-B1A8318644CD}.Debug|Mixed Platforms.Build.0 = Debug|x86
		{CFFC5769-E684-45B1-AA07-B1A8318644CD}.Debug|x86.ActiveCfg = Debug|x86
		{CFFC5769-E684-45B1-AA07-B1A8318644CD}.Debug|x86.Build.0 = Debug|x86
		{CFFC5769-E684-45B1-AA07-B1A8318644CD}.Release|Any CPU.ActiveCfg = Release|x86
		{CFFC5769-E684-45B1-AA07-B1A8318644CD}.Release|Mixed Platforms.ActiveCfg = Release|x86
		{CFFC5769-E684-45B1-AA07-B1A8318644CD}.Release|Mixed Platforms.Build.0 = Release|x86
		{CFFC5769-E684-45B1-AA07-B1A8318644CD}.Release|x86.ActiveCfg = Release|x86
		{CFFC5769-E684-45B1-AA07-B1A8318644CD}.Release|x86.Build.0 = Release|x86
		{F60D58B7-7296-4734-8704-92CAACEE365D}.Debug|Any CPU.ActiveCfg = Debug|x86
		{F60D58B7-7296-4734-8704-92CAACEE365D}.Debug|Mixed Platforms.ActiveCfg = Debug|x86
		{F60D58B7-7296-4734-8704-92CAACEE365D}.Debug|Mixed Platforms.Build.0 = Debug|x86
		{F60D58B7-7296-4734-8704-92CAACEE365D}.Debug|x86.ActiveCfg = Debug|x86
		{F60D58B7-7296-4734-8704-92CAACEE365D}.Debug|x86.Build.0 = Debug|x86
		{F60D58B7-7296-4734-8704-92CAACEE365D}.Release|Any CPU.ActiveCfg = Release|x86
		{F60D58B7-7296-4734-8704-92CAACEE365D}.Release|Mixed Platforms.ActiveCfg = Release|x86
		{F60D58B7-7296-4734-8704-92CAACEE365D}.Release|Mixed Platforms.Build.0 = Release|x86
		{F60D58B7-7296-4734-8704-92CAACEE365D}.Release|x86.ActiveCfg = Release|x86
		{F60D58B7-7296-4734-8704-92CAACEE365D}.Release|x86.Build.0 = Release|x86
		{C2B97926-C5E0-443B-B446-24A1B670B597}.Debug|Any CPU.ActiveCfg = Debug|Any CPU
		{C2B97926-C5E0-443B-B446-24A1B670B597}.Debug|Any CPU.Build.0 = Debug|Any CPU
		{C2B97926-C5E0-443B-B446-24A1B670B597}.Debug|Mixed Platforms.ActiveCfg = Debug|Any CPU
		{C2B97926-C5E0-443B-B446-24A1B670B597}.Debug|Mixed Platforms.Build.0 = Debug|Any CPU
		{C2B97926-C5E0-443B-B446-24A1B670B597}.Debug|x86.ActiveCfg = Debug|Any CPU
		{C2B97926-C5E0-443B-B446-24A1B670B597}.Release|Any CPU.ActiveCfg = Release|Any CPU
		{C2B97926-C5E0-443B-B446-24A1B670B597}.Release|Any CPU.Build.0 = Release|Any CPU
		{C2B97926-C5E0-443B-B446-24A1B670B597}.Release|Mixed Platforms.ActiveCfg = Release|Any CPU
		{C2B97926-C5E0-443B-B446-24A1B670B597}.Release|Mixed Platforms.Build.0 = Release|Any CPU
		{C2B97926-C5E0-443B-B446-24A1B670B597}.Release|x86.ActiveCfg = Release|Any CPU
		{A64DD735-67AB-4EB7-8200-39A6FEEA13B1}.Debug|Any CPU.ActiveCfg = Debug|Any CPU
		{A64DD735-67AB-4EB7-8200-39A6FEEA13B1}.Debug|Any CPU.Build.0 = Debug|Any CPU
		{A64DD735-67AB-4EB7-8200-39A6FEEA13B1}.Debug|Mixed Platforms.ActiveCfg = Debug|Any CPU
		{A64DD735-67AB-4EB7-8200-39A6FEEA13B1}.Debug|Mixed Platforms.Build.0 = Debug|Any CPU
		{A64DD735-67AB-4EB7-8200-39A6FEEA13B1}.Debug|x86.ActiveCfg = Debug|Any CPU
		{A64DD735-67AB-4EB7-8200-39A6FEEA13B1}.Release|Any CPU.ActiveCfg = Release|Any CPU
		{A64DD735-67AB-4EB7-8200-39A6FEEA13B1}.Release|Any CPU.Build.0 = Release|Any CPU
		{A64DD735-67AB-4EB7-8200-39A6FEEA13B1}.Release|Mixed Platforms.ActiveCfg = Release|Any CPU
		{A64DD735-67AB-4EB7-8200-39A6FEEA13B1}.Release|Mixed Platforms.Build.0 = Release|Any CPU
		{A64DD735-67AB-4EB7-8200-39A6FEEA13B1}.Release|x86.ActiveCfg = Release|Any CPU
		{81FFD5F4-69B4-4F03-B697-216DAA91AE71}.Debug|Any CPU.ActiveCfg = Debug|Any CPU
		{81FFD5F4-69B4-4F03-B697-216DAA91AE71}.Debug|Any CPU.Build.0 = Debug|Any CPU
		{81FFD5F4-69B4-4F03-B697-216DAA91AE71}.Debug|Mixed Platforms.ActiveCfg = Debug|Any CPU
		{81FFD5F4-69B4-4F03-B697-216DAA91AE71}.Debug|Mixed Platforms.Build.0 = Debug|Any CPU
		{81FFD5F4-69B4-4F03-B697-216DAA91AE71}.Debug|x86.ActiveCfg = Debug|Any CPU
		{81FFD5F4-69B4-4F03-B697-216DAA91AE71}.Release|Any CPU.ActiveCfg = Release|Any CPU
		{81FFD5F4-69B4-4F03-B697-216DAA91AE71}.Release|Any CPU.Build.0 = Release|Any CPU
		{81FFD5F4-69B4-4F03-B697-216DAA91AE71}.Release|Mixed Platforms.ActiveCfg = Release|Any CPU
		{81FFD5F4-69B4-4F03-B697-216DAA91AE71}.Release|Mixed Platforms.Build.0 = Release|Any CPU
		{81FFD5F4-69B4-4F03-B697-216DAA91AE71}.Release|x86.ActiveCfg = Release|Any CPU
		{9F863711-BEBA-4D1E-8AF3-D0331B15086B}.Debug|Any CPU.ActiveCfg = Debug|Any CPU
		{9F863711-BEBA-4D1E-8AF3-D0331B15086B}.Debug|Any CPU.Build.0 = Debug|Any CPU
		{9F863711-BEBA-4D1E-8AF3-D0331B15086B}.Debug|Mixed Platforms.ActiveCfg = Debug|Any CPU
		{9F863711-BEBA-4D1E-8AF3-D0331B15086B}.Debug|Mixed Platforms.Build.0 = Debug|Any CPU
		{9F863711-BEBA-4D1E-8AF3-D0331B15086B}.Debug|x86.ActiveCfg = Debug|Any CPU
		{9F863711-BEBA-4D1E-8AF3-D0331B15086B}.Release|Any CPU.ActiveCfg = Release|Any CPU
		{9F863711-BEBA-4D1E-8AF3-D0331B15086B}.Release|Any CPU.Build.0 = Release|Any CPU
		{9F863711-BEBA-4D1E-8AF3-D0331B15086B}.Release|Mixed Platforms.ActiveCfg = Release|Any CPU
		{9F863711-BEBA-4D1E-8AF3-D0331B15086B}.Release|Mixed Platforms.Build.0 = Release|Any CPU
		{9F863711-BEBA-4D1E-8AF3-D0331B15086B}.Release|x86.ActiveCfg = Release|Any CPU
		{52570351-41D0-48DB-B3CD-6C7FBDBEACF9}.Debug|Any CPU.ActiveCfg = Debug|Any CPU
		{52570351-41D0-48DB-B3CD-6C7FBDBEACF9}.Debug|Any CPU.Build.0 = Debug|Any CPU
		{52570351-41D0-48DB-B3CD-6C7FBDBEACF9}.Debug|Mixed Platforms.ActiveCfg = Debug|Any CPU
		{52570351-41D0-48DB-B3CD-6C7FBDBEACF9}.Debug|Mixed Platforms.Build.0 = Debug|Any CPU
		{52570351-41D0-48DB-B3CD-6C7FBDBEACF9}.Debug|x86.ActiveCfg = Debug|Any CPU
		{52570351-41D0-48DB-B3CD-6C7FBDBEACF9}.Release|Any CPU.ActiveCfg = Release|Any CPU
		{52570351-41D0-48DB-B3CD-6C7FBDBEACF9}.Release|Any CPU.Build.0 = Release|Any CPU
		{52570351-41D0-48DB-B3CD-6C7FBDBEACF9}.Release|Mixed Platforms.ActiveCfg = Release|Any CPU
		{52570351-41D0-48DB-B3CD-6C7FBDBEACF9}.Release|Mixed Platforms.Build.0 = Release|Any CPU
		{52570351-41D0-48DB-B3CD-6C7FBDBEACF9}.Release|x86.ActiveCfg = Release|Any CPU
		{30B57708-1A64-412F-AA25-7D54D0195F6C}.Debug|Any CPU.ActiveCfg = Debug|Any CPU
		{30B57708-1A64-412F-AA25-7D54D0195F6C}.Debug|Any CPU.Build.0 = Debug|Any CPU
		{30B57708-1A64-412F-AA25-7D54D0195F6C}.Debug|Mixed Platforms.ActiveCfg = Debug|Any CPU
		{30B57708-1A64-412F-AA25-7D54D0195F6C}.Debug|Mixed Platforms.Build.0 = Debug|Any CPU
		{30B57708-1A64-412F-AA25-7D54D0195F6C}.Debug|x86.ActiveCfg = Debug|Any CPU
		{30B57708-1A64-412F-AA25-7D54D0195F6C}.Release|Any CPU.ActiveCfg = Release|Any CPU
		{30B57708-1A64-412F-AA25-7D54D0195F6C}.Release|Any CPU.Build.0 = Release|Any CPU
		{30B57708-1A64-412F-AA25-7D54D0195F6C}.Release|Mixed Platforms.ActiveCfg = Release|Any CPU
		{30B57708-1A64-412F-AA25-7D54D0195F6C}.Release|Mixed Platforms.Build.0 = Release|Any CPU
		{30B57708-1A64-412F-AA25-7D54D0195F6C}.Release|x86.ActiveCfg = Release|Any CPU
		{77C611C5-39F4-4FFC-BD9A-32D70409E0BF}.Debug|Any CPU.ActiveCfg = Debug|Any CPU
		{77C611C5-39F4-4FFC-BD9A-32D70409E0BF}.Debug|Any CPU.Build.0 = Debug|Any CPU
		{77C611C5-39F4-4FFC-BD9A-32D70409E0BF}.Debug|Mixed Platforms.ActiveCfg = Debug|Any CPU
		{77C611C5-39F4-4FFC-BD9A-32D70409E0BF}.Debug|Mixed Platforms.Build.0 = Debug|Any CPU
		{77C611C5-39F4-4FFC-BD9A-32D70409E0BF}.Debug|x86.ActiveCfg = Debug|Any CPU
		{77C611C5-39F4-4FFC-BD9A-32D70409E0BF}.Release|Any CPU.ActiveCfg = Release|Any CPU
		{77C611C5-39F4-4FFC-BD9A-32D70409E0BF}.Release|Any CPU.Build.0 = Release|Any CPU
		{77C611C5-39F4-4FFC-BD9A-32D70409E0BF}.Release|Mixed Platforms.ActiveCfg = Release|Any CPU
		{77C611C5-39F4-4FFC-BD9A-32D70409E0BF}.Release|Mixed Platforms.Build.0 = Release|Any CPU
		{77C611C5-39F4-4FFC-BD9A-32D70409E0BF}.Release|x86.ActiveCfg = Release|Any CPU
		{1BBFDB47-0D61-455E-A973-EC33F241BC86}.Debug|Any CPU.ActiveCfg = Debug|Any CPU
		{1BBFDB47-0D61-455E-A973-EC33F241BC86}.Debug|Any CPU.Build.0 = Debug|Any CPU
		{1BBFDB47-0D61-455E-A973-EC33F241BC86}.Debug|Mixed Platforms.ActiveCfg = Debug|Any CPU
		{1BBFDB47-0D61-455E-A973-EC33F241BC86}.Debug|Mixed Platforms.Build.0 = Debug|Any CPU
		{1BBFDB47-0D61-455E-A973-EC33F241BC86}.Debug|x86.ActiveCfg = Debug|Any CPU
		{1BBFDB47-0D61-455E-A973-EC33F241BC86}.Release|Any CPU.ActiveCfg = Release|Any CPU
		{1BBFDB47-0D61-455E-A973-EC33F241BC86}.Release|Any CPU.Build.0 = Release|Any CPU
		{1BBFDB47-0D61-455E-A973-EC33F241BC86}.Release|Mixed Platforms.ActiveCfg = Release|Any CPU
		{1BBFDB47-0D61-455E-A973-EC33F241BC86}.Release|Mixed Platforms.Build.0 = Release|Any CPU
		{1BBFDB47-0D61-455E-A973-EC33F241BC86}.Release|x86.ActiveCfg = Release|Any CPU
		{05F245FC-CEDC-4288-9C13-FB7F18D9BA13}.Debug|Any CPU.ActiveCfg = Debug|Any CPU
		{05F245FC-CEDC-4288-9C13-FB7F18D9BA13}.Debug|Any CPU.Build.0 = Debug|Any CPU
		{05F245FC-CEDC-4288-9C13-FB7F18D9BA13}.Debug|Mixed Platforms.ActiveCfg = Debug|Any CPU
		{05F245FC-CEDC-4288-9C13-FB7F18D9BA13}.Debug|Mixed Platforms.Build.0 = Debug|Any CPU
		{05F245FC-CEDC-4288-9C13-FB7F18D9BA13}.Debug|x86.ActiveCfg = Debug|Any CPU
		{05F245FC-CEDC-4288-9C13-FB7F18D9BA13}.Release|Any CPU.ActiveCfg = Release|Any CPU
		{05F245FC-CEDC-4288-9C13-FB7F18D9BA13}.Release|Any CPU.Build.0 = Release|Any CPU
		{05F245FC-CEDC-4288-9C13-FB7F18D9BA13}.Release|Mixed Platforms.ActiveCfg = Release|Any CPU
		{05F245FC-CEDC-4288-9C13-FB7F18D9BA13}.Release|Mixed Platforms.Build.0 = Release|Any CPU
		{05F245FC-CEDC-4288-9C13-FB7F18D9BA13}.Release|x86.ActiveCfg = Release|Any CPU
		{DCA347E9-B6A0-4E0C-A237-51C7E034D5A7}.Debug|Any CPU.ActiveCfg = Debug|Any CPU
		{DCA347E9-B6A0-4E0C-A237-51C7E034D5A7}.Debug|Any CPU.Build.0 = Debug|Any CPU
		{DCA347E9-B6A0-4E0C-A237-51C7E034D5A7}.Debug|Mixed Platforms.ActiveCfg = Debug|Any CPU
		{DCA347E9-B6A0-4E0C-A237-51C7E034D5A7}.Debug|Mixed Platforms.Build.0 = Debug|Any CPU
		{DCA347E9-B6A0-4E0C-A237-51C7E034D5A7}.Debug|x86.ActiveCfg = Debug|Any CPU
		{DCA347E9-B6A0-4E0C-A237-51C7E034D5A7}.Release|Any CPU.ActiveCfg = Release|Any CPU
		{DCA347E9-B6A0-4E0C-A237-51C7E034D5A7}.Release|Any CPU.Build.0 = Release|Any CPU
		{DCA347E9-B6A0-4E0C-A237-51C7E034D5A7}.Release|Mixed Platforms.ActiveCfg = Release|Any CPU
		{DCA347E9-B6A0-4E0C-A237-51C7E034D5A7}.Release|Mixed Platforms.Build.0 = Release|Any CPU
		{DCA347E9-B6A0-4E0C-A237-51C7E034D5A7}.Release|x86.ActiveCfg = Release|Any CPU
		{DC86DD5A-B9F2-48F7-9ECB-79B2C03D47A7}.Debug|Any CPU.ActiveCfg = Debug|Any CPU
		{DC86DD5A-B9F2-48F7-9ECB-79B2C03D47A7}.Debug|Any CPU.Build.0 = Debug|Any CPU
		{DC86DD5A-B9F2-48F7-9ECB-79B2C03D47A7}.Debug|Mixed Platforms.ActiveCfg = Debug|Any CPU
		{DC86DD5A-B9F2-48F7-9ECB-79B2C03D47A7}.Debug|Mixed Platforms.Build.0 = Debug|Any CPU
		{DC86DD5A-B9F2-48F7-9ECB-79B2C03D47A7}.Debug|x86.ActiveCfg = Debug|Any CPU
		{DC86DD5A-B9F2-48F7-9ECB-79B2C03D47A7}.Release|Any CPU.ActiveCfg = Release|Any CPU
		{DC86DD5A-B9F2-48F7-9ECB-79B2C03D47A7}.Release|Any CPU.Build.0 = Release|Any CPU
		{DC86DD5A-B9F2-48F7-9ECB-79B2C03D47A7}.Release|Mixed Platforms.ActiveCfg = Release|Any CPU
		{DC86DD5A-B9F2-48F7-9ECB-79B2C03D47A7}.Release|Mixed Platforms.Build.0 = Release|Any CPU
		{DC86DD5A-B9F2-48F7-9ECB-79B2C03D47A7}.Release|x86.ActiveCfg = Release|Any CPU
		{0756E620-F56D-4BCF-9EC9-EB10A45B6B9F}.Debug|Any CPU.ActiveCfg = Debug|Any CPU
		{0756E620-F56D-4BCF-9EC9-EB10A45B6B9F}.Debug|Any CPU.Build.0 = Debug|Any CPU
		{0756E620-F56D-4BCF-9EC9-EB10A45B6B9F}.Debug|Mixed Platforms.ActiveCfg = Debug|Any CPU
		{0756E620-F56D-4BCF-9EC9-EB10A45B6B9F}.Debug|Mixed Platforms.Build.0 = Debug|Any CPU
		{0756E620-F56D-4BCF-9EC9-EB10A45B6B9F}.Debug|x86.ActiveCfg = Debug|Any CPU
		{0756E620-F56D-4BCF-9EC9-EB10A45B6B9F}.Release|Any CPU.ActiveCfg = Release|Any CPU
		{0756E620-F56D-4BCF-9EC9-EB10A45B6B9F}.Release|Any CPU.Build.0 = Release|Any CPU
		{0756E620-F56D-4BCF-9EC9-EB10A45B6B9F}.Release|Mixed Platforms.ActiveCfg = Release|Any CPU
		{0756E620-F56D-4BCF-9EC9-EB10A45B6B9F}.Release|Mixed Platforms.Build.0 = Release|Any CPU
		{0756E620-F56D-4BCF-9EC9-EB10A45B6B9F}.Release|x86.ActiveCfg = Release|Any CPU
		{F2EBF11F-471F-41AA-9B15-2D83C6128B3E}.Debug|Any CPU.ActiveCfg = Debug|Any CPU
		{F2EBF11F-471F-41AA-9B15-2D83C6128B3E}.Debug|Any CPU.Build.0 = Debug|Any CPU
		{F2EBF11F-471F-41AA-9B15-2D83C6128B3E}.Debug|Mixed Platforms.ActiveCfg = Debug|Any CPU
		{F2EBF11F-471F-41AA-9B15-2D83C6128B3E}.Debug|Mixed Platforms.Build.0 = Debug|Any CPU
		{F2EBF11F-471F-41AA-9B15-2D83C6128B3E}.Debug|x86.ActiveCfg = Debug|Any CPU
		{F2EBF11F-471F-41AA-9B15-2D83C6128B3E}.Release|Any CPU.ActiveCfg = Release|Any CPU
		{F2EBF11F-471F-41AA-9B15-2D83C6128B3E}.Release|Any CPU.Build.0 = Release|Any CPU
		{F2EBF11F-471F-41AA-9B15-2D83C6128B3E}.Release|Mixed Platforms.ActiveCfg = Release|Any CPU
		{F2EBF11F-471F-41AA-9B15-2D83C6128B3E}.Release|Mixed Platforms.Build.0 = Release|Any CPU
		{F2EBF11F-471F-41AA-9B15-2D83C6128B3E}.Release|x86.ActiveCfg = Release|Any CPU
		{A420E4C0-14EB-4958-B09D-A9D52BAD728B}.Debug|Any CPU.ActiveCfg = Debug|Any CPU
		{A420E4C0-14EB-4958-B09D-A9D52BAD728B}.Debug|Any CPU.Build.0 = Debug|Any CPU
		{A420E4C0-14EB-4958-B09D-A9D52BAD728B}.Debug|Mixed Platforms.ActiveCfg = Debug|Any CPU
		{A420E4C0-14EB-4958-B09D-A9D52BAD728B}.Debug|Mixed Platforms.Build.0 = Debug|Any CPU
		{A420E4C0-14EB-4958-B09D-A9D52BAD728B}.Debug|x86.ActiveCfg = Debug|Any CPU
		{A420E4C0-14EB-4958-B09D-A9D52BAD728B}.Release|Any CPU.ActiveCfg = Release|Any CPU
		{A420E4C0-14EB-4958-B09D-A9D52BAD728B}.Release|Any CPU.Build.0 = Release|Any CPU
		{A420E4C0-14EB-4958-B09D-A9D52BAD728B}.Release|Mixed Platforms.ActiveCfg = Release|Any CPU
		{A420E4C0-14EB-4958-B09D-A9D52BAD728B}.Release|Mixed Platforms.Build.0 = Release|Any CPU
		{A420E4C0-14EB-4958-B09D-A9D52BAD728B}.Release|x86.ActiveCfg = Release|Any CPU
		{00D62FDD-FD6C-4CE5-9458-7A7E396C268D}.Debug|Any CPU.ActiveCfg = Debug|Any CPU
		{00D62FDD-FD6C-4CE5-9458-7A7E396C268D}.Debug|Any CPU.Build.0 = Debug|Any CPU
		{00D62FDD-FD6C-4CE5-9458-7A7E396C268D}.Debug|Mixed Platforms.ActiveCfg = Debug|Any CPU
		{00D62FDD-FD6C-4CE5-9458-7A7E396C268D}.Debug|Mixed Platforms.Build.0 = Debug|Any CPU
		{00D62FDD-FD6C-4CE5-9458-7A7E396C268D}.Debug|x86.ActiveCfg = Debug|Any CPU
		{00D62FDD-FD6C-4CE5-9458-7A7E396C268D}.Release|Any CPU.ActiveCfg = Release|Any CPU
		{00D62FDD-FD6C-4CE5-9458-7A7E396C268D}.Release|Any CPU.Build.0 = Release|Any CPU
		{00D62FDD-FD6C-4CE5-9458-7A7E396C268D}.Release|Mixed Platforms.ActiveCfg = Release|Any CPU
		{00D62FDD-FD6C-4CE5-9458-7A7E396C268D}.Release|Mixed Platforms.Build.0 = Release|Any CPU
		{00D62FDD-FD6C-4CE5-9458-7A7E396C268D}.Release|x86.ActiveCfg = Release|Any CPU
		{AD93FFD6-FC76-4E9A-BAA9-2A12D04130F1}.Debug|Any CPU.ActiveCfg = Debug|Any CPU
		{AD93FFD6-FC76-4E9A-BAA9-2A12D04130F1}.Debug|Any CPU.Build.0 = Debug|Any CPU
		{AD93FFD6-FC76-4E9A-BAA9-2A12D04130F1}.Debug|Mixed Platforms.ActiveCfg = Debug|Any CPU
		{AD93FFD6-FC76-4E9A-BAA9-2A12D04130F1}.Debug|Mixed Platforms.Build.0 = Debug|Any CPU
		{AD93FFD6-FC76-4E9A-BAA9-2A12D04130F1}.Debug|x86.ActiveCfg = Debug|Any CPU
		{AD93FFD6-FC76-4E9A-BAA9-2A12D04130F1}.Release|Any CPU.ActiveCfg = Release|Any CPU
		{AD93FFD6-FC76-4E9A-BAA9-2A12D04130F1}.Release|Any CPU.Build.0 = Release|Any CPU
		{AD93FFD6-FC76-4E9A-BAA9-2A12D04130F1}.Release|Mixed Platforms.ActiveCfg = Release|Any CPU
		{AD93FFD6-FC76-4E9A-BAA9-2A12D04130F1}.Release|Mixed Platforms.Build.0 = Release|Any CPU
		{AD93FFD6-FC76-4E9A-BAA9-2A12D04130F1}.Release|x86.ActiveCfg = Release|Any CPU
		{D38F67F2-0D82-4D7D-87CB-52FA5BEDC304}.Debug|Any CPU.ActiveCfg = Debug|Any CPU
		{D38F67F2-0D82-4D7D-87CB-52FA5BEDC304}.Debug|Any CPU.Build.0 = Debug|Any CPU
		{D38F67F2-0D82-4D7D-87CB-52FA5BEDC304}.Debug|Mixed Platforms.ActiveCfg = Debug|Any CPU
		{D38F67F2-0D82-4D7D-87CB-52FA5BEDC304}.Debug|Mixed Platforms.Build.0 = Debug|Any CPU
		{D38F67F2-0D82-4D7D-87CB-52FA5BEDC304}.Debug|x86.ActiveCfg = Debug|Any CPU
		{D38F67F2-0D82-4D7D-87CB-52FA5BEDC304}.Release|Any CPU.ActiveCfg = Release|Any CPU
		{D38F67F2-0D82-4D7D-87CB-52FA5BEDC304}.Release|Any CPU.Build.0 = Release|Any CPU
		{D38F67F2-0D82-4D7D-87CB-52FA5BEDC304}.Release|Mixed Platforms.ActiveCfg = Release|Any CPU
		{D38F67F2-0D82-4D7D-87CB-52FA5BEDC304}.Release|Mixed Platforms.Build.0 = Release|Any CPU
		{D38F67F2-0D82-4D7D-87CB-52FA5BEDC304}.Release|x86.ActiveCfg = Release|Any CPU
		{01B934DC-05A0-4C87-A0A6-789E03CA0A67}.Debug|Any CPU.ActiveCfg = Debug|Any CPU
		{01B934DC-05A0-4C87-A0A6-789E03CA0A67}.Debug|Any CPU.Build.0 = Debug|Any CPU
		{01B934DC-05A0-4C87-A0A6-789E03CA0A67}.Debug|Mixed Platforms.ActiveCfg = Debug|Any CPU
		{01B934DC-05A0-4C87-A0A6-789E03CA0A67}.Debug|Mixed Platforms.Build.0 = Debug|Any CPU
		{01B934DC-05A0-4C87-A0A6-789E03CA0A67}.Debug|x86.ActiveCfg = Debug|Any CPU
		{01B934DC-05A0-4C87-A0A6-789E03CA0A67}.Release|Any CPU.ActiveCfg = Release|Any CPU
		{01B934DC-05A0-4C87-A0A6-789E03CA0A67}.Release|Any CPU.Build.0 = Release|Any CPU
		{01B934DC-05A0-4C87-A0A6-789E03CA0A67}.Release|Mixed Platforms.ActiveCfg = Release|Any CPU
		{01B934DC-05A0-4C87-A0A6-789E03CA0A67}.Release|Mixed Platforms.Build.0 = Release|Any CPU
		{01B934DC-05A0-4C87-A0A6-789E03CA0A67}.Release|x86.ActiveCfg = Release|Any CPU
		{5A93ECB0-7E97-4DE2-9931-DBE9530B9D7D}.Debug|Any CPU.ActiveCfg = Debug|Any CPU
		{5A93ECB0-7E97-4DE2-9931-DBE9530B9D7D}.Debug|Any CPU.Build.0 = Debug|Any CPU
		{5A93ECB0-7E97-4DE2-9931-DBE9530B9D7D}.Debug|Mixed Platforms.ActiveCfg = Debug|Any CPU
		{5A93ECB0-7E97-4DE2-9931-DBE9530B9D7D}.Debug|Mixed Platforms.Build.0 = Debug|Any CPU
		{5A93ECB0-7E97-4DE2-9931-DBE9530B9D7D}.Debug|x86.ActiveCfg = Debug|Any CPU
		{5A93ECB0-7E97-4DE2-9931-DBE9530B9D7D}.Release|Any CPU.ActiveCfg = Release|Any CPU
		{5A93ECB0-7E97-4DE2-9931-DBE9530B9D7D}.Release|Any CPU.Build.0 = Release|Any CPU
		{5A93ECB0-7E97-4DE2-9931-DBE9530B9D7D}.Release|Mixed Platforms.ActiveCfg = Release|Any CPU
		{5A93ECB0-7E97-4DE2-9931-DBE9530B9D7D}.Release|Mixed Platforms.Build.0 = Release|Any CPU
		{5A93ECB0-7E97-4DE2-9931-DBE9530B9D7D}.Release|x86.ActiveCfg = Release|Any CPU
		{F1B1F557-BBBF-4DE3-AABA-0589B0A195B4}.Debug|Any CPU.ActiveCfg = Debug|Any CPU
		{F1B1F557-BBBF-4DE3-AABA-0589B0A195B4}.Debug|Any CPU.Build.0 = Debug|Any CPU
		{F1B1F557-BBBF-4DE3-AABA-0589B0A195B4}.Debug|Mixed Platforms.ActiveCfg = Debug|Any CPU
		{F1B1F557-BBBF-4DE3-AABA-0589B0A195B4}.Debug|Mixed Platforms.Build.0 = Debug|Any CPU
		{F1B1F557-BBBF-4DE3-AABA-0589B0A195B4}.Debug|x86.ActiveCfg = Debug|Any CPU
		{F1B1F557-BBBF-4DE3-AABA-0589B0A195B4}.Release|Any CPU.ActiveCfg = Release|Any CPU
		{F1B1F557-BBBF-4DE3-AABA-0589B0A195B4}.Release|Any CPU.Build.0 = Release|Any CPU
		{F1B1F557-BBBF-4DE3-AABA-0589B0A195B4}.Release|Mixed Platforms.ActiveCfg = Release|Any CPU
		{F1B1F557-BBBF-4DE3-AABA-0589B0A195B4}.Release|Mixed Platforms.Build.0 = Release|Any CPU
		{F1B1F557-BBBF-4DE3-AABA-0589B0A195B4}.Release|x86.ActiveCfg = Release|Any CPU
		{85913AA3-B955-46D1-9719-09B371E4DB7A}.Debug|Any CPU.ActiveCfg = Debug|Any CPU
		{85913AA3-B955-46D1-9719-09B371E4DB7A}.Debug|Any CPU.Build.0 = Debug|Any CPU
		{85913AA3-B955-46D1-9719-09B371E4DB7A}.Debug|Mixed Platforms.ActiveCfg = Debug|Any CPU
		{85913AA3-B955-46D1-9719-09B371E4DB7A}.Debug|Mixed Platforms.Build.0 = Debug|Any CPU
		{85913AA3-B955-46D1-9719-09B371E4DB7A}.Debug|x86.ActiveCfg = Debug|Any CPU
		{85913AA3-B955-46D1-9719-09B371E4DB7A}.Release|Any CPU.ActiveCfg = Release|Any CPU
		{85913AA3-B955-46D1-9719-09B371E4DB7A}.Release|Any CPU.Build.0 = Release|Any CPU
		{85913AA3-B955-46D1-9719-09B371E4DB7A}.Release|Mixed Platforms.ActiveCfg = Release|Any CPU
		{85913AA3-B955-46D1-9719-09B371E4DB7A}.Release|Mixed Platforms.Build.0 = Release|Any CPU
		{85913AA3-B955-46D1-9719-09B371E4DB7A}.Release|x86.ActiveCfg = Release|Any CPU
		{7FA7A126-39B3-460F-B9C5-B0BC316D595B}.Debug|Any CPU.ActiveCfg = Debug|Any CPU
		{7FA7A126-39B3-460F-B9C5-B0BC316D595B}.Debug|Any CPU.Build.0 = Debug|Any CPU
		{7FA7A126-39B3-460F-B9C5-B0BC316D595B}.Debug|Mixed Platforms.ActiveCfg = Debug|Any CPU
		{7FA7A126-39B3-460F-B9C5-B0BC316D595B}.Debug|Mixed Platforms.Build.0 = Debug|Any CPU
		{7FA7A126-39B3-460F-B9C5-B0BC316D595B}.Debug|x86.ActiveCfg = Debug|Any CPU
		{7FA7A126-39B3-460F-B9C5-B0BC316D595B}.Release|Any CPU.ActiveCfg = Release|Any CPU
		{7FA7A126-39B3-460F-B9C5-B0BC316D595B}.Release|Any CPU.Build.0 = Release|Any CPU
		{7FA7A126-39B3-460F-B9C5-B0BC316D595B}.Release|Mixed Platforms.ActiveCfg = Release|Any CPU
		{7FA7A126-39B3-460F-B9C5-B0BC316D595B}.Release|Mixed Platforms.Build.0 = Release|Any CPU
		{7FA7A126-39B3-460F-B9C5-B0BC316D595B}.Release|x86.ActiveCfg = Release|Any CPU
		{E0348C81-A1C5-47FA-8D2D-DD0C7BE201A4}.Debug|Any CPU.ActiveCfg = Debug|Any CPU
		{E0348C81-A1C5-47FA-8D2D-DD0C7BE201A4}.Debug|Any CPU.Build.0 = Debug|Any CPU
		{E0348C81-A1C5-47FA-8D2D-DD0C7BE201A4}.Debug|Mixed Platforms.ActiveCfg = Debug|Any CPU
		{E0348C81-A1C5-47FA-8D2D-DD0C7BE201A4}.Debug|Mixed Platforms.Build.0 = Debug|Any CPU
		{E0348C81-A1C5-47FA-8D2D-DD0C7BE201A4}.Debug|x86.ActiveCfg = Debug|Any CPU
		{E0348C81-A1C5-47FA-8D2D-DD0C7BE201A4}.Release|Any CPU.ActiveCfg = Release|Any CPU
		{E0348C81-A1C5-47FA-8D2D-DD0C7BE201A4}.Release|Any CPU.Build.0 = Release|Any CPU
		{E0348C81-A1C5-47FA-8D2D-DD0C7BE201A4}.Release|Mixed Platforms.ActiveCfg = Release|Any CPU
		{E0348C81-A1C5-47FA-8D2D-DD0C7BE201A4}.Release|Mixed Platforms.Build.0 = Release|Any CPU
		{E0348C81-A1C5-47FA-8D2D-DD0C7BE201A4}.Release|x86.ActiveCfg = Release|Any CPU
		{96C7C9BF-0859-4AAF-B55B-3E67FBD943D5}.Debug|Any CPU.ActiveCfg = Debug|Any CPU
		{96C7C9BF-0859-4AAF-B55B-3E67FBD943D5}.Debug|Any CPU.Build.0 = Debug|Any CPU
		{96C7C9BF-0859-4AAF-B55B-3E67FBD943D5}.Debug|Mixed Platforms.ActiveCfg = Debug|Any CPU
		{96C7C9BF-0859-4AAF-B55B-3E67FBD943D5}.Debug|Mixed Platforms.Build.0 = Debug|Any CPU
		{96C7C9BF-0859-4AAF-B55B-3E67FBD943D5}.Debug|x86.ActiveCfg = Debug|Any CPU
		{96C7C9BF-0859-4AAF-B55B-3E67FBD943D5}.Release|Any CPU.ActiveCfg = Release|Any CPU
		{96C7C9BF-0859-4AAF-B55B-3E67FBD943D5}.Release|Any CPU.Build.0 = Release|Any CPU
		{96C7C9BF-0859-4AAF-B55B-3E67FBD943D5}.Release|Mixed Platforms.ActiveCfg = Release|Any CPU
		{96C7C9BF-0859-4AAF-B55B-3E67FBD943D5}.Release|Mixed Platforms.Build.0 = Release|Any CPU
		{96C7C9BF-0859-4AAF-B55B-3E67FBD943D5}.Release|x86.ActiveCfg = Release|Any CPU
		{3EF24C12-E57E-42C9-9DCF-66394AC724CA}.Debug|Any CPU.ActiveCfg = Debug|Any CPU
		{3EF24C12-E57E-42C9-9DCF-66394AC724CA}.Debug|Any CPU.Build.0 = Debug|Any CPU
		{3EF24C12-E57E-42C9-9DCF-66394AC724CA}.Debug|Mixed Platforms.ActiveCfg = Debug|Any CPU
		{3EF24C12-E57E-42C9-9DCF-66394AC724CA}.Debug|Mixed Platforms.Build.0 = Debug|Any CPU
		{3EF24C12-E57E-42C9-9DCF-66394AC724CA}.Debug|x86.ActiveCfg = Debug|Any CPU
		{3EF24C12-E57E-42C9-9DCF-66394AC724CA}.Release|Any CPU.ActiveCfg = Release|Any CPU
		{3EF24C12-E57E-42C9-9DCF-66394AC724CA}.Release|Any CPU.Build.0 = Release|Any CPU
		{3EF24C12-E57E-42C9-9DCF-66394AC724CA}.Release|Mixed Platforms.ActiveCfg = Release|Any CPU
		{3EF24C12-E57E-42C9-9DCF-66394AC724CA}.Release|Mixed Platforms.Build.0 = Release|Any CPU
		{3EF24C12-E57E-42C9-9DCF-66394AC724CA}.Release|x86.ActiveCfg = Release|Any CPU
		{10899E7D-E4B5-46B7-BD53-E0811C9876AA}.Debug|Any CPU.ActiveCfg = Debug|Any CPU
		{10899E7D-E4B5-46B7-BD53-E0811C9876AA}.Debug|Any CPU.Build.0 = Debug|Any CPU
		{10899E7D-E4B5-46B7-BD53-E0811C9876AA}.Debug|Mixed Platforms.ActiveCfg = Debug|Any CPU
		{10899E7D-E4B5-46B7-BD53-E0811C9876AA}.Debug|Mixed Platforms.Build.0 = Debug|Any CPU
		{10899E7D-E4B5-46B7-BD53-E0811C9876AA}.Debug|x86.ActiveCfg = Debug|Any CPU
		{10899E7D-E4B5-46B7-BD53-E0811C9876AA}.Release|Any CPU.ActiveCfg = Release|Any CPU
		{10899E7D-E4B5-46B7-BD53-E0811C9876AA}.Release|Any CPU.Build.0 = Release|Any CPU
		{10899E7D-E4B5-46B7-BD53-E0811C9876AA}.Release|Mixed Platforms.ActiveCfg = Release|Any CPU
		{10899E7D-E4B5-46B7-BD53-E0811C9876AA}.Release|Mixed Platforms.Build.0 = Release|Any CPU
		{10899E7D-E4B5-46B7-BD53-E0811C9876AA}.Release|x86.ActiveCfg = Release|Any CPU
		{C7AAFADB-6A9B-4E42-A901-FDBEA5BCEDC6}.Debug|Any CPU.ActiveCfg = Debug|Any CPU
		{C7AAFADB-6A9B-4E42-A901-FDBEA5BCEDC6}.Debug|Any CPU.Build.0 = Debug|Any CPU
		{C7AAFADB-6A9B-4E42-A901-FDBEA5BCEDC6}.Debug|Mixed Platforms.ActiveCfg = Debug|Any CPU
		{C7AAFADB-6A9B-4E42-A901-FDBEA5BCEDC6}.Debug|Mixed Platforms.Build.0 = Debug|Any CPU
		{C7AAFADB-6A9B-4E42-A901-FDBEA5BCEDC6}.Debug|x86.ActiveCfg = Debug|Any CPU
		{C7AAFADB-6A9B-4E42-A901-FDBEA5BCEDC6}.Release|Any CPU.ActiveCfg = Release|Any CPU
		{C7AAFADB-6A9B-4E42-A901-FDBEA5BCEDC6}.Release|Any CPU.Build.0 = Release|Any CPU
		{C7AAFADB-6A9B-4E42-A901-FDBEA5BCEDC6}.Release|Mixed Platforms.ActiveCfg = Release|Any CPU
		{C7AAFADB-6A9B-4E42-A901-FDBEA5BCEDC6}.Release|Mixed Platforms.Build.0 = Release|Any CPU
		{C7AAFADB-6A9B-4E42-A901-FDBEA5BCEDC6}.Release|x86.ActiveCfg = Release|Any CPU
		{84ED2149-AEE2-4B34-82B7-0A36365B3BA5}.Debug|Any CPU.ActiveCfg = Debug|Any CPU
		{84ED2149-AEE2-4B34-82B7-0A36365B3BA5}.Debug|Any CPU.Build.0 = Debug|Any CPU
		{84ED2149-AEE2-4B34-82B7-0A36365B3BA5}.Debug|Mixed Platforms.ActiveCfg = Debug|Any CPU
		{84ED2149-AEE2-4B34-82B7-0A36365B3BA5}.Debug|Mixed Platforms.Build.0 = Debug|Any CPU
		{84ED2149-AEE2-4B34-82B7-0A36365B3BA5}.Debug|x86.ActiveCfg = Debug|Any CPU
		{84ED2149-AEE2-4B34-82B7-0A36365B3BA5}.Release|Any CPU.ActiveCfg = Release|Any CPU
		{84ED2149-AEE2-4B34-82B7-0A36365B3BA5}.Release|Any CPU.Build.0 = Release|Any CPU
		{84ED2149-AEE2-4B34-82B7-0A36365B3BA5}.Release|Mixed Platforms.ActiveCfg = Release|Any CPU
		{84ED2149-AEE2-4B34-82B7-0A36365B3BA5}.Release|Mixed Platforms.Build.0 = Release|Any CPU
		{84ED2149-AEE2-4B34-82B7-0A36365B3BA5}.Release|x86.ActiveCfg = Release|Any CPU
		{C6FF5EB9-6046-4223-9256-F7AF76FFBF5C}.Debug|Any CPU.ActiveCfg = Debug|Any CPU
		{C6FF5EB9-6046-4223-9256-F7AF76FFBF5C}.Debug|Any CPU.Build.0 = Debug|Any CPU
		{C6FF5EB9-6046-4223-9256-F7AF76FFBF5C}.Debug|Mixed Platforms.ActiveCfg = Debug|Any CPU
		{C6FF5EB9-6046-4223-9256-F7AF76FFBF5C}.Debug|Mixed Platforms.Build.0 = Debug|Any CPU
		{C6FF5EB9-6046-4223-9256-F7AF76FFBF5C}.Debug|x86.ActiveCfg = Debug|Any CPU
		{C6FF5EB9-6046-4223-9256-F7AF76FFBF5C}.Release|Any CPU.ActiveCfg = Release|Any CPU
		{C6FF5EB9-6046-4223-9256-F7AF76FFBF5C}.Release|Any CPU.Build.0 = Release|Any CPU
		{C6FF5EB9-6046-4223-9256-F7AF76FFBF5C}.Release|Mixed Platforms.ActiveCfg = Release|Any CPU
		{C6FF5EB9-6046-4223-9256-F7AF76FFBF5C}.Release|Mixed Platforms.Build.0 = Release|Any CPU
		{C6FF5EB9-6046-4223-9256-F7AF76FFBF5C}.Release|x86.ActiveCfg = Release|Any CPU
		{6161315E-8941-4761-852A-281F2BB1F313}.Debug|Any CPU.ActiveCfg = Debug|Any CPU
		{6161315E-8941-4761-852A-281F2BB1F313}.Debug|Any CPU.Build.0 = Debug|Any CPU
		{6161315E-8941-4761-852A-281F2BB1F313}.Debug|Mixed Platforms.ActiveCfg = Debug|Any CPU
		{6161315E-8941-4761-852A-281F2BB1F313}.Debug|Mixed Platforms.Build.0 = Debug|Any CPU
		{6161315E-8941-4761-852A-281F2BB1F313}.Debug|x86.ActiveCfg = Debug|Any CPU
		{6161315E-8941-4761-852A-281F2BB1F313}.Release|Any CPU.ActiveCfg = Release|Any CPU
		{6161315E-8941-4761-852A-281F2BB1F313}.Release|Any CPU.Build.0 = Release|Any CPU
		{6161315E-8941-4761-852A-281F2BB1F313}.Release|Mixed Platforms.ActiveCfg = Release|Any CPU
		{6161315E-8941-4761-852A-281F2BB1F313}.Release|Mixed Platforms.Build.0 = Release|Any CPU
		{6161315E-8941-4761-852A-281F2BB1F313}.Release|x86.ActiveCfg = Release|Any CPU
	EndGlobalSection
	GlobalSection(SolutionProperties) = preSolution
		HideSolutionNode = FALSE
	EndGlobalSection
	GlobalSection(NestedProjects) = preSolution
		{33517AEB-576A-429E-B651-EA87B54242E7} = {B0F364C6-DA51-445D-B71C-9F88C4D03ECE}
		{7753653B-2D5D-4FBB-80A7-5B643127DCDC} = {B0F364C6-DA51-445D-B71C-9F88C4D03ECE}
		{7B606F9E-2F25-4845-A00C-7EA122E49BA4} = {9D444F16-502D-4CB9-AF61-D212D388A178}
		{20CC4494-EC2E-4C86-BE16-90AFA2372459} = {9D444F16-502D-4CB9-AF61-D212D388A178}
		{AB9A2E23-3F36-419B-8C84-3DFFA60FAD08} = {9D444F16-502D-4CB9-AF61-D212D388A178}
		{AD93FFD6-FC76-4E9A-BAA9-2A12D04130F1} = {9D444F16-502D-4CB9-AF61-D212D388A178}
		{C6FF5EB9-6046-4223-9256-F7AF76FFBF5C} = {9D444F16-502D-4CB9-AF61-D212D388A178}
		{33E8A505-A50F-40E5-89A6-15E48FE416AD} = {9530DB8B-5E33-4CE2-93BC-C608311AAEE4}
		{A64DD735-67AB-4EB7-8200-39A6FEEA13B1} = {9530DB8B-5E33-4CE2-93BC-C608311AAEE4}
		{81FFD5F4-69B4-4F03-B697-216DAA91AE71} = {9530DB8B-5E33-4CE2-93BC-C608311AAEE4}
		{98E58858-6473-49A2-BCFB-902221DE66C8} = {95E7EEBD-DD1C-45FF-BB65-51B95243098E}
		{4296D3D5-B53A-48B4-9FD2-73DF47059E3B} = {95E7EEBD-DD1C-45FF-BB65-51B95243098E}
		{A420E4C0-14EB-4958-B09D-A9D52BAD728B} = {95E7EEBD-DD1C-45FF-BB65-51B95243098E}
		{6E6E0098-7F65-4F74-8E0E-3865449E4E7F} = {38A30C2F-9D9A-430F-A7C7-445E7E685436}
		{D939DEEF-7403-4B6D-89F6-E87361AA7B7D} = {38A30C2F-9D9A-430F-A7C7-445E7E685436}
		{13274F78-25A4-479E-BE41-664E8110F564} = {38A30C2F-9D9A-430F-A7C7-445E7E685436}
		{4F28491F-D554-44F0-98ED-2D7AE7E1644D} = {E2DB5526-A071-4477-92C9-8ABFB6FB8EB8}
		{240BCD43-F9AF-4795-8751-A0617E306EC2} = {E2DB5526-A071-4477-92C9-8ABFB6FB8EB8}
		{93F89E48-68EE-4945-8391-1E4979ADA113} = {E2DB5526-A071-4477-92C9-8ABFB6FB8EB8}
		{30B57708-1A64-412F-AA25-7D54D0195F6C} = {0E654CE6-D5F1-4802-A9FE-42EE9868E62A}
		{77C611C5-39F4-4FFC-BD9A-32D70409E0BF} = {0E654CE6-D5F1-4802-A9FE-42EE9868E62A}
		{1BBFDB47-0D61-455E-A973-EC33F241BC86} = {0E654CE6-D5F1-4802-A9FE-42EE9868E62A}
		{05F245FC-CEDC-4288-9C13-FB7F18D9BA13} = {0E654CE6-D5F1-4802-A9FE-42EE9868E62A}
		{DCA347E9-B6A0-4E0C-A237-51C7E034D5A7} = {0E654CE6-D5F1-4802-A9FE-42EE9868E62A}
		{DC86DD5A-B9F2-48F7-9ECB-79B2C03D47A7} = {0E654CE6-D5F1-4802-A9FE-42EE9868E62A}
		{D38F67F2-0D82-4D7D-87CB-52FA5BEDC304} = {58456565-79E0-40C6-B0A1-37776D8CBAC0}
		{01B934DC-05A0-4C87-A0A6-789E03CA0A67} = {58456565-79E0-40C6-B0A1-37776D8CBAC0}
		{5A93ECB0-7E97-4DE2-9931-DBE9530B9D7D} = {4C20BF7B-2893-49EF-AFEC-C2AE8FC9B2DD}
		{F1B1F557-BBBF-4DE3-AABA-0589B0A195B4} = {4C20BF7B-2893-49EF-AFEC-C2AE8FC9B2DD}
		{96C7C9BF-0859-4AAF-B55B-3E67FBD943D5} = {629DE021-084F-4C4C-AAD9-ABDF48F24BCF}
		{3EF24C12-E57E-42C9-9DCF-66394AC724CA} = {629DE021-084F-4C4C-AAD9-ABDF48F24BCF}
		{10899E7D-E4B5-46B7-BD53-E0811C9876AA} = {629DE021-084F-4C4C-AAD9-ABDF48F24BCF}
		{C7AAFADB-6A9B-4E42-A901-FDBEA5BCEDC6} = {34DFEC4B-E100-4455-99C8-F5662236ED26}
		{84ED2149-AEE2-4B34-82B7-0A36365B3BA5} = {34DFEC4B-E100-4455-99C8-F5662236ED26}
	EndGlobalSection
EndGlobal
